// !$*UTF8*$!
{
	archiveVersion = 1;
	classes = {
	};
	objectVersion = 46;
	objects = {

/* Begin PBXBuildFile section */
		900BA12D220B4603005B8EE7 /* pathtrace.c in Sources */ = {isa = PBXBuildFile; fileRef = 900BA0F7220B4602005B8EE7 /* pathtrace.c */; };
		900BA12E220B4603005B8EE7 /* renderer.c in Sources */ = {isa = PBXBuildFile; fileRef = 900BA0FA220B4602005B8EE7 /* renderer.c */; };
		900BA12F220B4603005B8EE7 /* poly.c in Sources */ = {isa = PBXBuildFile; fileRef = 900BA0FC220B4602005B8EE7 /* poly.c */; };
		900BA132220B4603005B8EE7 /* scene.c in Sources */ = {isa = PBXBuildFile; fileRef = 900BA104220B4602005B8EE7 /* scene.c */; };
		900BA133220B4603005B8EE7 /* transforms.c in Sources */ = {isa = PBXBuildFile; fileRef = 900BA106220B4602005B8EE7 /* transforms.c */; };
		900BA134220B4603005B8EE7 /* tile.c in Sources */ = {isa = PBXBuildFile; fileRef = 900BA107220B4602005B8EE7 /* tile.c */; };
		900BA135220B4603005B8EE7 /* material.c in Sources */ = {isa = PBXBuildFile; fileRef = 900BA10A220B4602005B8EE7 /* material.c */; };
		900BA136220B4603005B8EE7 /* sphere.c in Sources */ = {isa = PBXBuildFile; fileRef = 900BA10B220B4602005B8EE7 /* sphere.c */; };
		900BA137220B4603005B8EE7 /* camera.c in Sources */ = {isa = PBXBuildFile; fileRef = 900BA10C220B4602005B8EE7 /* camera.c */; };
		900BA139220B4603005B8EE7 /* color.c in Sources */ = {isa = PBXBuildFile; fileRef = 900BA110220B4602005B8EE7 /* color.c */; };
		900BA13D220B4603005B8EE7 /* lodepng.c in Sources */ = {isa = PBXBuildFile; fileRef = 900BA11B220B4602005B8EE7 /* lodepng.c */; };
		900BA13E220B4603005B8EE7 /* cJSON.c in Sources */ = {isa = PBXBuildFile; fileRef = 900BA11C220B4602005B8EE7 /* cJSON.c */; };
		900BA140220B4603005B8EE7 /* timer.c in Sources */ = {isa = PBXBuildFile; fileRef = 900BA11F220B4602005B8EE7 /* timer.c */; };
		900BA141220B4603005B8EE7 /* ui.c in Sources */ = {isa = PBXBuildFile; fileRef = 900BA125220B4602005B8EE7 /* ui.c */; };
		900BA143220B4603005B8EE7 /* logging.c in Sources */ = {isa = PBXBuildFile; fileRef = 900BA127220B4602005B8EE7 /* logging.c */; };
		900BA144220B4603005B8EE7 /* main.c in Sources */ = {isa = PBXBuildFile; fileRef = 900BA129220B4602005B8EE7 /* main.c */; };
		90189DA6224EB302007FA268 /* mesh.c in Sources */ = {isa = PBXBuildFile; fileRef = 90189DA4224EB302007FA268 /* mesh.c */; };
		901CD92A2888AAC400D22CA1 /* translucent.c in Sources */ = {isa = PBXBuildFile; fileRef = 901CD9282888AAC400D22CA1 /* translucent.c */; };
		901CD92B2888AAC400D22CA1 /* translucent.c in Sources */ = {isa = PBXBuildFile; fileRef = 901CD9282888AAC400D22CA1 /* translucent.c */; };
		90369CCC222E012F008D215B /* pcg_basic.c in Sources */ = {isa = PBXBuildFile; fileRef = 90369CCA222E012F008D215B /* pcg_basic.c */; };
		904CDBB8248D74380092E564 /* bvh.c in Sources */ = {isa = PBXBuildFile; fileRef = 904CDBB7248D74380092E564 /* bvh.c */; };
		904CDBB9248D74380092E564 /* bvh.c in Sources */ = {isa = PBXBuildFile; fileRef = 904CDBB7248D74380092E564 /* bvh.c */; };
		90500A8325881C8B006F854A /* grayscale.c in Sources */ = {isa = PBXBuildFile; fileRef = 90500A8125881C8B006F854A /* grayscale.c */; };
		90500A8425881C8B006F854A /* grayscale.c in Sources */ = {isa = PBXBuildFile; fileRef = 90500A8125881C8B006F854A /* grayscale.c */; };
		90500A8B25897693006F854A /* transparent.c in Sources */ = {isa = PBXBuildFile; fileRef = 90500A8925897693006F854A /* transparent.c */; };
		90500A8C25897693006F854A /* transparent.c in Sources */ = {isa = PBXBuildFile; fileRef = 90500A8925897693006F854A /* transparent.c */; };
		90500A90258AB0FE006F854A /* blackbody.c in Sources */ = {isa = PBXBuildFile; fileRef = 90500A8E258AB0FE006F854A /* blackbody.c */; };
		90500A91258AB0FE006F854A /* blackbody.c in Sources */ = {isa = PBXBuildFile; fileRef = 90500A8E258AB0FE006F854A /* blackbody.c */; };
		90500A94258AB19A006F854A /* vectornode.c in Sources */ = {isa = PBXBuildFile; fileRef = 90500A92258AB19A006F854A /* vectornode.c */; };
		90500A95258AB19A006F854A /* vectornode.c in Sources */ = {isa = PBXBuildFile; fileRef = 90500A92258AB19A006F854A /* vectornode.c */; };
		90500A98258AB484006F854A /* valuenode.c in Sources */ = {isa = PBXBuildFile; fileRef = 90500A96258AB484006F854A /* valuenode.c */; };
		90500A99258AB484006F854A /* valuenode.c in Sources */ = {isa = PBXBuildFile; fileRef = 90500A96258AB484006F854A /* valuenode.c */; };
		90500A9C258AC07D006F854A /* add.c in Sources */ = {isa = PBXBuildFile; fileRef = 90500A9A258AC07D006F854A /* add.c */; };
		90500A9D258AC07D006F854A /* add.c in Sources */ = {isa = PBXBuildFile; fileRef = 90500A9A258AC07D006F854A /* add.c */; };
		90500AA0258C09E8006F854A /* split.c in Sources */ = {isa = PBXBuildFile; fileRef = 90500A9E258C09E8006F854A /* split.c */; };
		90500AA1258C09E8006F854A /* split.c in Sources */ = {isa = PBXBuildFile; fileRef = 90500A9E258C09E8006F854A /* split.c */; };
		90500AA4258C0AB1006F854A /* combinergb.c in Sources */ = {isa = PBXBuildFile; fileRef = 90500AA2258C0AB1006F854A /* combinergb.c */; };
		90500AA5258C0AB1006F854A /* combinergb.c in Sources */ = {isa = PBXBuildFile; fileRef = 90500AA2258C0AB1006F854A /* combinergb.c */; };
		90500AAC258D81CA006F854A /* background.c in Sources */ = {isa = PBXBuildFile; fileRef = 90500AAA258D81CA006F854A /* background.c */; };
		90500AAD258D81CA006F854A /* background.c in Sources */ = {isa = PBXBuildFile; fileRef = 90500AAA258D81CA006F854A /* background.c */; };
		90500AB0258D95EF006F854A /* gradient.c in Sources */ = {isa = PBXBuildFile; fileRef = 90500AAE258D95EF006F854A /* gradient.c */; };
		90500AB1258D95EF006F854A /* gradient.c in Sources */ = {isa = PBXBuildFile; fileRef = 90500AAE258D95EF006F854A /* gradient.c */; };
		9050FFE925915222001C172D /* raylength.c in Sources */ = {isa = PBXBuildFile; fileRef = 9050FFE725915222001C172D /* raylength.c */; };
		9050FFEA25915222001C172D /* raylength.c in Sources */ = {isa = PBXBuildFile; fileRef = 9050FFE725915222001C172D /* raylength.c */; };
		9050FFF12592BE23001C172D /* alpha.c in Sources */ = {isa = PBXBuildFile; fileRef = 9050FFEF2592BE23001C172D /* alpha.c */; };
		9050FFF22592BE23001C172D /* alpha.c in Sources */ = {isa = PBXBuildFile; fileRef = 9050FFEF2592BE23001C172D /* alpha.c */; };
		9050FFF525994121001C172D /* vecmath.c in Sources */ = {isa = PBXBuildFile; fileRef = 9050FFF325994121001C172D /* vecmath.c */; };
		9050FFF625994121001C172D /* vecmath.c in Sources */ = {isa = PBXBuildFile; fileRef = 9050FFF325994121001C172D /* vecmath.c */; };
		9050FFF925994B7E001C172D /* math.c in Sources */ = {isa = PBXBuildFile; fileRef = 9050FFF725994B7E001C172D /* math.c */; };
		9050FFFA25994B7E001C172D /* math.c in Sources */ = {isa = PBXBuildFile; fileRef = 9050FFF725994B7E001C172D /* math.c */; };
		9052E8D025018C050052406D /* fileio.c in Sources */ = {isa = PBXBuildFile; fileRef = 9052E8CE25018C050052406D /* fileio.c */; };
		9052E8D125018C050052406D /* fileio.c in Sources */ = {isa = PBXBuildFile; fileRef = 9052E8CE25018C050052406D /* fileio.c */; };
		905842DB236651FC009D92F1 /* main.c in Sources */ = {isa = PBXBuildFile; fileRef = 900BA129220B4602005B8EE7 /* main.c */; };
		905842DC236651FC009D92F1 /* sphere.c in Sources */ = {isa = PBXBuildFile; fileRef = 900BA10B220B4602005B8EE7 /* sphere.c */; };
		905842DE236651FC009D92F1 /* poly.c in Sources */ = {isa = PBXBuildFile; fileRef = 900BA0FC220B4602005B8EE7 /* poly.c */; };
		905842E0236651FC009D92F1 /* textureloader.c in Sources */ = {isa = PBXBuildFile; fileRef = 90CA851B2252C90C00BA7702 /* textureloader.c */; };
		905842E1236651FC009D92F1 /* logging.c in Sources */ = {isa = PBXBuildFile; fileRef = 900BA127220B4602005B8EE7 /* logging.c */; };
		905842E3236651FC009D92F1 /* timer.c in Sources */ = {isa = PBXBuildFile; fileRef = 900BA11F220B4602005B8EE7 /* timer.c */; };
		905842E4236651FC009D92F1 /* pathtrace.c in Sources */ = {isa = PBXBuildFile; fileRef = 900BA0F7220B4602005B8EE7 /* pathtrace.c */; };
		905842E7236651FC009D92F1 /* material.c in Sources */ = {isa = PBXBuildFile; fileRef = 900BA10A220B4602005B8EE7 /* material.c */; };
		905842E8236651FC009D92F1 /* lodepng.c in Sources */ = {isa = PBXBuildFile; fileRef = 900BA11B220B4602005B8EE7 /* lodepng.c */; };
		905842EB236651FC009D92F1 /* texture.c in Sources */ = {isa = PBXBuildFile; fileRef = 90FB15CD225C6D85008D6AAA /* texture.c */; };
		905842EC236651FC009D92F1 /* wavefront.c in Sources */ = {isa = PBXBuildFile; fileRef = 90CA85192252C90C00BA7702 /* wavefront.c */; };
		905842EE236651FC009D92F1 /* pcg_basic.c in Sources */ = {isa = PBXBuildFile; fileRef = 90369CCA222E012F008D215B /* pcg_basic.c */; };
		905842F3236651FC009D92F1 /* mtlloader.c in Sources */ = {isa = PBXBuildFile; fileRef = 90CA85182252C90C00BA7702 /* mtlloader.c */; };
		905842F4236651FC009D92F1 /* tile.c in Sources */ = {isa = PBXBuildFile; fileRef = 900BA107220B4602005B8EE7 /* tile.c */; };
		905842F5236651FC009D92F1 /* mesh.c in Sources */ = {isa = PBXBuildFile; fileRef = 90189DA4224EB302007FA268 /* mesh.c */; };
		905842F6236651FC009D92F1 /* cJSON.c in Sources */ = {isa = PBXBuildFile; fileRef = 900BA11C220B4602005B8EE7 /* cJSON.c */; };
		905842F7236651FC009D92F1 /* color.c in Sources */ = {isa = PBXBuildFile; fileRef = 900BA110220B4602005B8EE7 /* color.c */; };
		905842F8236651FC009D92F1 /* renderer.c in Sources */ = {isa = PBXBuildFile; fileRef = 900BA0FA220B4602005B8EE7 /* renderer.c */; };
		905842F9236651FC009D92F1 /* camera.c in Sources */ = {isa = PBXBuildFile; fileRef = 900BA10C220B4602005B8EE7 /* camera.c */; };
		905842FA236651FC009D92F1 /* scene.c in Sources */ = {isa = PBXBuildFile; fileRef = 900BA104220B4602005B8EE7 /* scene.c */; };
		905842FC236651FC009D92F1 /* transforms.c in Sources */ = {isa = PBXBuildFile; fileRef = 900BA106220B4602005B8EE7 /* transforms.c */; };
		905842FD236651FC009D92F1 /* ui.c in Sources */ = {isa = PBXBuildFile; fileRef = 900BA125220B4602005B8EE7 /* ui.c */; };
		905842FF236651FC009D92F1 /* sceneloader.c in Sources */ = {isa = PBXBuildFile; fileRef = 90CA85202252CB3800BA7702 /* sceneloader.c */; };
		905A616526C1CCE800B7D5A5 /* uv.c in Sources */ = {isa = PBXBuildFile; fileRef = 905A616326C1CCE800B7D5A5 /* uv.c */; };
		905A616626C1CCE800B7D5A5 /* uv.c in Sources */ = {isa = PBXBuildFile; fileRef = 905A616326C1CCE800B7D5A5 /* uv.c */; };
		9060BAAD2603CAA300B3D603 /* base64.c in Sources */ = {isa = PBXBuildFile; fileRef = 9060BAAB2603CAA300B3D603 /* base64.c */; };
		9060BAAE2603CAA300B3D603 /* base64.c in Sources */ = {isa = PBXBuildFile; fileRef = 9060BAAB2603CAA300B3D603 /* base64.c */; };
		9062FA09243BBD0900420889 /* args.c in Sources */ = {isa = PBXBuildFile; fileRef = 9062FA08243BBD0900420889 /* args.c */; };
		9062FA0A243BBD0900420889 /* args.c in Sources */ = {isa = PBXBuildFile; fileRef = 9062FA08243BBD0900420889 /* args.c */; };
		9062FA0D243CC4B200420889 /* signal.c in Sources */ = {isa = PBXBuildFile; fileRef = 9062FA0C243CC4B200420889 /* signal.c */; };
		9062FA0E243CC4B200420889 /* signal.c in Sources */ = {isa = PBXBuildFile; fileRef = 9062FA0C243CC4B200420889 /* signal.c */; };
		9062FA12243D236600420889 /* png.c in Sources */ = {isa = PBXBuildFile; fileRef = 9062FA11243D236600420889 /* png.c */; };
		9062FA13243D236600420889 /* png.c in Sources */ = {isa = PBXBuildFile; fileRef = 9062FA11243D236600420889 /* png.c */; };
		9062FA16243D237200420889 /* bmp.c in Sources */ = {isa = PBXBuildFile; fileRef = 9062FA15243D237200420889 /* bmp.c */; };
		9062FA17243D237200420889 /* bmp.c in Sources */ = {isa = PBXBuildFile; fileRef = 9062FA15243D237200420889 /* bmp.c */; };
		9062FA1A243D23A400420889 /* encoder.c in Sources */ = {isa = PBXBuildFile; fileRef = 9062FA19243D23A400420889 /* encoder.c */; };
		9062FA1B243D23A400420889 /* encoder.c in Sources */ = {isa = PBXBuildFile; fileRef = 9062FA19243D23A400420889 /* encoder.c */; };
		906479C024982155003772CE /* sky.c in Sources */ = {isa = PBXBuildFile; fileRef = 906479BE24982155003772CE /* sky.c */; };
		906479C124982155003772CE /* sky.c in Sources */ = {isa = PBXBuildFile; fileRef = 906479BE24982155003772CE /* sky.c */; };
		9071BC8C257AF8EC0070BA43 /* mempool.c in Sources */ = {isa = PBXBuildFile; fileRef = 9071BC8A257AF8EC0070BA43 /* mempool.c */; };
		9071BC8D257AF8EC0070BA43 /* mempool.c in Sources */ = {isa = PBXBuildFile; fileRef = 9071BC8A257AF8EC0070BA43 /* mempool.c */; };
		9071BC93257D7D260070BA43 /* constant.c in Sources */ = {isa = PBXBuildFile; fileRef = 9071BC91257D7D260070BA43 /* constant.c */; };
		9071BC94257D7D260070BA43 /* constant.c in Sources */ = {isa = PBXBuildFile; fileRef = 9071BC91257D7D260070BA43 /* constant.c */; };
		9071BC97257D7D380070BA43 /* checker.c in Sources */ = {isa = PBXBuildFile; fileRef = 9071BC95257D7D380070BA43 /* checker.c */; };
		9071BC98257D7D380070BA43 /* checker.c in Sources */ = {isa = PBXBuildFile; fileRef = 9071BC95257D7D380070BA43 /* checker.c */; };
		9071BC9B257D7D470070BA43 /* image.c in Sources */ = {isa = PBXBuildFile; fileRef = 9071BC99257D7D470070BA43 /* image.c */; };
		9071BC9C257D7D470070BA43 /* image.c in Sources */ = {isa = PBXBuildFile; fileRef = 9071BC99257D7D470070BA43 /* image.c */; };
		9071BCA0257ED22C0070BA43 /* nodebase.c in Sources */ = {isa = PBXBuildFile; fileRef = 9071BC9F257ED22C0070BA43 /* nodebase.c */; };
		9071BCA1257ED22C0070BA43 /* nodebase.c in Sources */ = {isa = PBXBuildFile; fileRef = 9071BC9F257ED22C0070BA43 /* nodebase.c */; };
		9076FB4D243002A40003B327 /* terminal.c in Sources */ = {isa = PBXBuildFile; fileRef = 9076FB4C243002A40003B327 /* terminal.c */; };
		9076FB4E243002A40003B327 /* terminal.c in Sources */ = {isa = PBXBuildFile; fileRef = 9076FB4C243002A40003B327 /* terminal.c */; };
		9076FB51243002B00003B327 /* mutex.c in Sources */ = {isa = PBXBuildFile; fileRef = 9076FB50243002B00003B327 /* mutex.c */; };
		9076FB52243002B00003B327 /* mutex.c in Sources */ = {isa = PBXBuildFile; fileRef = 9076FB50243002B00003B327 /* mutex.c */; };
		9076FB55243002B90003B327 /* thread.c in Sources */ = {isa = PBXBuildFile; fileRef = 9076FB54243002B90003B327 /* thread.c */; };
		9076FB56243002B90003B327 /* thread.c in Sources */ = {isa = PBXBuildFile; fileRef = 9076FB54243002B90003B327 /* thread.c */; };
		9076FB59243002D60003B327 /* capabilities.c in Sources */ = {isa = PBXBuildFile; fileRef = 9076FB58243002D60003B327 /* capabilities.c */; };
		9076FB5A243002D60003B327 /* capabilities.c in Sources */ = {isa = PBXBuildFile; fileRef = 9076FB58243002D60003B327 /* capabilities.c */; };
		9084D2D72660095000B6FB8A /* isotropic.c in Sources */ = {isa = PBXBuildFile; fileRef = 9084D2D62660095000B6FB8A /* isotropic.c */; };
		9084D2D82660095000B6FB8A /* isotropic.c in Sources */ = {isa = PBXBuildFile; fileRef = 9084D2D62660095000B6FB8A /* isotropic.c */; };
		908981082628DAAE0054B5E7 /* vectocolor.c in Sources */ = {isa = PBXBuildFile; fileRef = 908981062628DAAE0054B5E7 /* vectocolor.c */; };
		908981092628DAAE0054B5E7 /* vectocolor.c in Sources */ = {isa = PBXBuildFile; fileRef = 908981062628DAAE0054B5E7 /* vectocolor.c */; };
		908AA1EC26C467B200823DD3 /* map_range.c in Sources */ = {isa = PBXBuildFile; fileRef = 908AA1EA26C467B200823DD3 /* map_range.c */; };
		908AA1ED26C467B200823DD3 /* map_range.c in Sources */ = {isa = PBXBuildFile; fileRef = 908AA1EA26C467B200823DD3 /* map_range.c */; };
		908ED0B0258F04E300D5B93F /* fresnel.c in Sources */ = {isa = PBXBuildFile; fileRef = 908ED0AE258F04E300D5B93F /* fresnel.c */; };
		908ED0B1258F04E300D5B93F /* fresnel.c in Sources */ = {isa = PBXBuildFile; fileRef = 908ED0AE258F04E300D5B93F /* fresnel.c */; };
		908ED0B4258FAEDA00D5B93F /* normal.c in Sources */ = {isa = PBXBuildFile; fileRef = 908ED0B2258FAEDA00D5B93F /* normal.c */; };
		908ED0B5258FAEDA00D5B93F /* normal.c in Sources */ = {isa = PBXBuildFile; fileRef = 908ED0B2258FAEDA00D5B93F /* normal.c */; };
		90908A6F23E0707E0081377B /* assert.c in Sources */ = {isa = PBXBuildFile; fileRef = 90908A6E23E0707E0081377B /* assert.c */; };
		90908A7023E0707E0081377B /* assert.c in Sources */ = {isa = PBXBuildFile; fileRef = 90908A6E23E0707E0081377B /* assert.c */; };
		9095392523C15A7B0017037C /* c-ray.c in Sources */ = {isa = PBXBuildFile; fileRef = 9095392423C15A7B0017037C /* c-ray.c */; };
		9095392623C15A7B0017037C /* c-ray.c in Sources */ = {isa = PBXBuildFile; fileRef = 9095392423C15A7B0017037C /* c-ray.c */; };
		9095392923C15AAB0017037C /* networking.c in Sources */ = {isa = PBXBuildFile; fileRef = 9095392823C15AAB0017037C /* networking.c */; };
		9095392A23C15AAB0017037C /* networking.c in Sources */ = {isa = PBXBuildFile; fileRef = 9095392823C15AAB0017037C /* networking.c */; };
		909D136D24439069006D0A86 /* string.c in Sources */ = {isa = PBXBuildFile; fileRef = 909D136C24439069006D0A86 /* string.c */; };
		909D136E24439069006D0A86 /* string.c in Sources */ = {isa = PBXBuildFile; fileRef = 909D136C24439069006D0A86 /* string.c */; };
		909D13712443B4E7006D0A86 /* textbuffer.c in Sources */ = {isa = PBXBuildFile; fileRef = 909D13702443B4E7006D0A86 /* textbuffer.c */; };
		909D13722443B4E7006D0A86 /* textbuffer.c in Sources */ = {isa = PBXBuildFile; fileRef = 909D13702443B4E7006D0A86 /* textbuffer.c */; };
		90A21CF124589E6A002C742E /* sampler.c in Sources */ = {isa = PBXBuildFile; fileRef = 90A21CF024589E6A002C742E /* sampler.c */; };
		90A21CF224589E6A002C742E /* sampler.c in Sources */ = {isa = PBXBuildFile; fileRef = 90A21CF024589E6A002C742E /* sampler.c */; };
		90A21CF524589E84002C742E /* hammersley.c in Sources */ = {isa = PBXBuildFile; fileRef = 90A21CF424589E84002C742E /* hammersley.c */; };
		90A21CF624589E84002C742E /* hammersley.c in Sources */ = {isa = PBXBuildFile; fileRef = 90A21CF424589E84002C742E /* hammersley.c */; };
		90A21CFD2458A2D8002C742E /* random.c in Sources */ = {isa = PBXBuildFile; fileRef = 90A21CFC2458A2D8002C742E /* random.c */; };
		90A21CFE2458A2D8002C742E /* random.c in Sources */ = {isa = PBXBuildFile; fileRef = 90A21CFC2458A2D8002C742E /* random.c */; };
		90A5347425A10D2400A37176 /* emission.c in Sources */ = {isa = PBXBuildFile; fileRef = 90A5347325A10D2400A37176 /* emission.c */; };
		90A5347525A10D2400A37176 /* emission.c in Sources */ = {isa = PBXBuildFile; fileRef = 90A5347325A10D2400A37176 /* emission.c */; };
		90AB1E072574373E00EFDF5A /* bsdfnode.c in Sources */ = {isa = PBXBuildFile; fileRef = 90AB1E052574373E00EFDF5A /* bsdfnode.c */; };
		90AB1E082574373E00EFDF5A /* bsdfnode.c in Sources */ = {isa = PBXBuildFile; fileRef = 90AB1E052574373E00EFDF5A /* bsdfnode.c */; };
		90AB1E0B25745DFE00EFDF5A /* diffuse.c in Sources */ = {isa = PBXBuildFile; fileRef = 90AB1E0925745DFE00EFDF5A /* diffuse.c */; };
		90AB1E0C25745DFE00EFDF5A /* diffuse.c in Sources */ = {isa = PBXBuildFile; fileRef = 90AB1E0925745DFE00EFDF5A /* diffuse.c */; };
		90AB1E0F25745E0C00EFDF5A /* mix.c in Sources */ = {isa = PBXBuildFile; fileRef = 90AB1E0D25745E0C00EFDF5A /* mix.c */; };
		90AB1E1025745E0C00EFDF5A /* mix.c in Sources */ = {isa = PBXBuildFile; fileRef = 90AB1E0D25745E0C00EFDF5A /* mix.c */; };
		90AB1E132574798F00EFDF5A /* glass.c in Sources */ = {isa = PBXBuildFile; fileRef = 90AB1E112574798F00EFDF5A /* glass.c */; };
		90AB1E142574798F00EFDF5A /* glass.c in Sources */ = {isa = PBXBuildFile; fileRef = 90AB1E112574798F00EFDF5A /* glass.c */; };
		90AB1E1725747C9C00EFDF5A /* metal.c in Sources */ = {isa = PBXBuildFile; fileRef = 90AB1E1525747C9C00EFDF5A /* metal.c */; };
		90AB1E1825747C9C00EFDF5A /* metal.c in Sources */ = {isa = PBXBuildFile; fileRef = 90AB1E1525747C9C00EFDF5A /* metal.c */; };
		90AB1E1B2575709000EFDF5A /* colornode.c in Sources */ = {isa = PBXBuildFile; fileRef = 90AB1E192575709000EFDF5A /* colornode.c */; };
		90AB1E1C2575709000EFDF5A /* colornode.c in Sources */ = {isa = PBXBuildFile; fileRef = 90AB1E192575709000EFDF5A /* colornode.c */; };
		90AB1E1F2575B1AD00EFDF5A /* plastic.c in Sources */ = {isa = PBXBuildFile; fileRef = 90AB1E1D2575B1AD00EFDF5A /* plastic.c */; };
		90AB1E202575B1AD00EFDF5A /* plastic.c in Sources */ = {isa = PBXBuildFile; fileRef = 90AB1E1D2575B1AD00EFDF5A /* plastic.c */; };
		90AE779B2700E523004EDEA0 /* gltf.c in Sources */ = {isa = PBXBuildFile; fileRef = 90AE77992700E523004EDEA0 /* gltf.c */; };
		90AE779C2700E523004EDEA0 /* gltf.c in Sources */ = {isa = PBXBuildFile; fileRef = 90AE77992700E523004EDEA0 /* gltf.c */; };
		90B3EC712607BE5300B11B9E /* protocol.c in Sources */ = {isa = PBXBuildFile; fileRef = 90B3EC6F2607BE5300B11B9E /* protocol.c */; };
		90B3EC722607BE5300B11B9E /* protocol.c in Sources */ = {isa = PBXBuildFile; fileRef = 90B3EC6F2607BE5300B11B9E /* protocol.c */; };
		90C5D5582448CEAB00C58643 /* imagefile.c in Sources */ = {isa = PBXBuildFile; fileRef = 90C5D5572448CEAB00C58643 /* imagefile.c */; };
		90C5D5592448CEAB00C58643 /* imagefile.c in Sources */ = {isa = PBXBuildFile; fileRef = 90C5D5572448CEAB00C58643 /* imagefile.c */; };
		90C792CB245209E20067E787 /* halton.c in Sources */ = {isa = PBXBuildFile; fileRef = 90C792CA245209E20067E787 /* halton.c */; };
		90C792CC245209E20067E787 /* halton.c in Sources */ = {isa = PBXBuildFile; fileRef = 90C792CA245209E20067E787 /* halton.c */; };
		90CA851C2252C90C00BA7702 /* mtlloader.c in Sources */ = {isa = PBXBuildFile; fileRef = 90CA85182252C90C00BA7702 /* mtlloader.c */; };
		90CA851D2252C90C00BA7702 /* wavefront.c in Sources */ = {isa = PBXBuildFile; fileRef = 90CA85192252C90C00BA7702 /* wavefront.c */; };
		90CA851E2252C90C00BA7702 /* textureloader.c in Sources */ = {isa = PBXBuildFile; fileRef = 90CA851B2252C90C00BA7702 /* textureloader.c */; };
		90CA85212252CB3800BA7702 /* sceneloader.c in Sources */ = {isa = PBXBuildFile; fileRef = 90CA85202252CB3800BA7702 /* sceneloader.c */; };
		90CB8BC526DFF763006EA951 /* spline.c in Sources */ = {isa = PBXBuildFile; fileRef = 90CB8BC326DFF763006EA951 /* spline.c */; };
		90CB8BC626DFF763006EA951 /* spline.c in Sources */ = {isa = PBXBuildFile; fileRef = 90CB8BC326DFF763006EA951 /* spline.c */; };
		90CFA7DF2381BF0900061288 /* hashtable.c in Sources */ = {isa = PBXBuildFile; fileRef = 90CFA7DE2381BF0900061288 /* hashtable.c */; };
		90CFA7E02381BF0900061288 /* hashtable.c in Sources */ = {isa = PBXBuildFile; fileRef = 90CFA7DE2381BF0900061288 /* hashtable.c */; };
		90D5F02624A208100068FC60 /* gitsha1.c in Sources */ = {isa = PBXBuildFile; fileRef = 90D5F02524A208100068FC60 /* gitsha1.c */; };
		90D5F02724A208100068FC60 /* gitsha1.c in Sources */ = {isa = PBXBuildFile; fileRef = 90D5F02524A208100068FC60 /* gitsha1.c */; };
		90E1721D2774FDA7009B5FF0 /* quaternion.c in Sources */ = {isa = PBXBuildFile; fileRef = 90E1721C2774FDA7009B5FF0 /* quaternion.c */; };
		90E1721E2774FDA7009B5FF0 /* quaternion.c in Sources */ = {isa = PBXBuildFile; fileRef = 90E1721C2774FDA7009B5FF0 /* quaternion.c */; };
		90E172222775148F009B5FF0 /* qoi.c in Sources */ = {isa = PBXBuildFile; fileRef = 90E172212775148F009B5FF0 /* qoi.c */; };
		90E172232775148F009B5FF0 /* qoi.c in Sources */ = {isa = PBXBuildFile; fileRef = 90E172212775148F009B5FF0 /* qoi.c */; };
		90E1A60F261CF44500EAE727 /* server.c in Sources */ = {isa = PBXBuildFile; fileRef = 90E1A60D261CF44500EAE727 /* server.c */; };
		90E1A610261CF44500EAE727 /* server.c in Sources */ = {isa = PBXBuildFile; fileRef = 90E1A60D261CF44500EAE727 /* server.c */; };
		90E1A613261CF44E00EAE727 /* worker.c in Sources */ = {isa = PBXBuildFile; fileRef = 90E1A611261CF44E00EAE727 /* worker.c */; };
		90E1A614261CF44E00EAE727 /* worker.c in Sources */ = {isa = PBXBuildFile; fileRef = 90E1A611261CF44E00EAE727 /* worker.c */; };
		90EC1B1A26125DF30060C560 /* filecache.c in Sources */ = {isa = PBXBuildFile; fileRef = 90EC1B1826125DF30060C560 /* filecache.c */; };
		90EC1B1B26125DF30060C560 /* filecache.c in Sources */ = {isa = PBXBuildFile; fileRef = 90EC1B1826125DF30060C560 /* filecache.c */; };
		90EE4F3C237DD49F0071894E /* meshloader.c in Sources */ = {isa = PBXBuildFile; fileRef = 90EE4F3B237DD49F0071894E /* meshloader.c */; };
		90EE4F3D237DD49F0071894E /* meshloader.c in Sources */ = {isa = PBXBuildFile; fileRef = 90EE4F3B237DD49F0071894E /* meshloader.c */; };
		90FAD26924A26F0B00F8CA79 /* instance.c in Sources */ = {isa = PBXBuildFile; fileRef = 90FAD26824A26F0B00F8CA79 /* instance.c */; };
		90FAD26A24A26F0B00F8CA79 /* instance.c in Sources */ = {isa = PBXBuildFile; fileRef = 90FAD26824A26F0B00F8CA79 /* instance.c */; };
		90FAD27124A2ADE400F8CA79 /* testrunner.c in Sources */ = {isa = PBXBuildFile; fileRef = 90FAD27024A2ADE400F8CA79 /* testrunner.c */; };
		90FAD27224A2ADE400F8CA79 /* testrunner.c in Sources */ = {isa = PBXBuildFile; fileRef = 90FAD27024A2ADE400F8CA79 /* testrunner.c */; };
		90FB15CE225C6D85008D6AAA /* texture.c in Sources */ = {isa = PBXBuildFile; fileRef = 90FB15CD225C6D85008D6AAA /* texture.c */; };
/* End PBXBuildFile section */

/* Begin PBXCopyFilesBuildPhase section */
		90584301236651FC009D92F1 /* CopyFiles */ = {
			isa = PBXCopyFilesBuildPhase;
			buildActionMask = 2147483647;
			dstPath = /usr/share/man/man1/;
			dstSubfolderSpec = 0;
			files = (
			);
			runOnlyForDeploymentPostprocessing = 1;
		};
		90D99AF21D08ADB10015A854 /* CopyFiles */ = {
			isa = PBXCopyFilesBuildPhase;
			buildActionMask = 2147483647;
			dstPath = /usr/share/man/man1/;
			dstSubfolderSpec = 0;
			files = (
			);
			runOnlyForDeploymentPostprocessing = 1;
		};
/* End PBXCopyFilesBuildPhase section */

/* Begin PBXFileReference section */
		900BA0F7220B4602005B8EE7 /* pathtrace.c */ = {isa = PBXFileReference; fileEncoding = 4; lastKnownFileType = sourcecode.c.c; path = pathtrace.c; sourceTree = "<group>"; };
		900BA0F8220B4602005B8EE7 /* renderer.h */ = {isa = PBXFileReference; fileEncoding = 4; lastKnownFileType = sourcecode.c.h; path = renderer.h; sourceTree = "<group>"; };
		900BA0F9220B4602005B8EE7 /* pathtrace.h */ = {isa = PBXFileReference; fileEncoding = 4; lastKnownFileType = sourcecode.c.h; path = pathtrace.h; sourceTree = "<group>"; };
		900BA0FA220B4602005B8EE7 /* renderer.c */ = {isa = PBXFileReference; fileEncoding = 4; lastKnownFileType = sourcecode.c.c; path = renderer.c; sourceTree = "<group>"; };
		900BA0FC220B4602005B8EE7 /* poly.c */ = {isa = PBXFileReference; fileEncoding = 4; lastKnownFileType = sourcecode.c.c; path = poly.c; sourceTree = "<group>"; };
		900BA0FD220B4602005B8EE7 /* tile.h */ = {isa = PBXFileReference; fileEncoding = 4; lastKnownFileType = sourcecode.c.h; path = tile.h; sourceTree = "<group>"; };
		900BA0FF220B4602005B8EE7 /* camera.h */ = {isa = PBXFileReference; fileEncoding = 4; lastKnownFileType = sourcecode.c.h; path = camera.h; sourceTree = "<group>"; };
		900BA100220B4602005B8EE7 /* sphere.h */ = {isa = PBXFileReference; fileEncoding = 4; lastKnownFileType = sourcecode.c.h; path = sphere.h; sourceTree = "<group>"; };
		900BA101220B4602005B8EE7 /* material.h */ = {isa = PBXFileReference; fileEncoding = 4; lastKnownFileType = sourcecode.c.h; path = material.h; sourceTree = "<group>"; };
		900BA103220B4602005B8EE7 /* color.h */ = {isa = PBXFileReference; fileEncoding = 4; lastKnownFileType = sourcecode.c.h; path = color.h; sourceTree = "<group>"; };
		900BA104220B4602005B8EE7 /* scene.c */ = {isa = PBXFileReference; fileEncoding = 4; lastKnownFileType = sourcecode.c.c; path = scene.c; sourceTree = "<group>"; };
		900BA106220B4602005B8EE7 /* transforms.c */ = {isa = PBXFileReference; fileEncoding = 4; lastKnownFileType = sourcecode.c.c; path = transforms.c; sourceTree = "<group>"; };
		900BA107220B4602005B8EE7 /* tile.c */ = {isa = PBXFileReference; fileEncoding = 4; lastKnownFileType = sourcecode.c.c; path = tile.c; sourceTree = "<group>"; };
		900BA108220B4602005B8EE7 /* poly.h */ = {isa = PBXFileReference; fileEncoding = 4; lastKnownFileType = sourcecode.c.h; path = poly.h; sourceTree = "<group>"; };
		900BA109220B4602005B8EE7 /* lightray.h */ = {isa = PBXFileReference; fileEncoding = 4; lastKnownFileType = sourcecode.c.h; path = lightray.h; sourceTree = "<group>"; };
		900BA10A220B4602005B8EE7 /* material.c */ = {isa = PBXFileReference; fileEncoding = 4; lastKnownFileType = sourcecode.c.c; path = material.c; sourceTree = "<group>"; };
		900BA10B220B4602005B8EE7 /* sphere.c */ = {isa = PBXFileReference; fileEncoding = 4; lastKnownFileType = sourcecode.c.c; path = sphere.c; sourceTree = "<group>"; };
		900BA10C220B4602005B8EE7 /* camera.c */ = {isa = PBXFileReference; fileEncoding = 4; lastKnownFileType = sourcecode.c.c; path = camera.c; sourceTree = "<group>"; };
		900BA10D220B4602005B8EE7 /* vector.h */ = {isa = PBXFileReference; fileEncoding = 4; lastKnownFileType = sourcecode.c.h; path = vector.h; sourceTree = "<group>"; };
		900BA10E220B4602005B8EE7 /* transforms.h */ = {isa = PBXFileReference; fileEncoding = 4; lastKnownFileType = sourcecode.c.h; path = transforms.h; sourceTree = "<group>"; };
		900BA110220B4602005B8EE7 /* color.c */ = {isa = PBXFileReference; fileEncoding = 4; lastKnownFileType = sourcecode.c.c; path = color.c; sourceTree = "<group>"; };
		900BA111220B4602005B8EE7 /* scene.h */ = {isa = PBXFileReference; fileEncoding = 4; lastKnownFileType = sourcecode.c.h; path = scene.h; sourceTree = "<group>"; };
		900BA113220B4602005B8EE7 /* lodepng.h */ = {isa = PBXFileReference; fileEncoding = 4; lastKnownFileType = sourcecode.c.h; path = lodepng.h; sourceTree = "<group>"; };
		900BA117220B4602005B8EE7 /* cJSON.h */ = {isa = PBXFileReference; fileEncoding = 4; lastKnownFileType = sourcecode.c.h; path = cJSON.h; sourceTree = "<group>"; };
		900BA11B220B4602005B8EE7 /* lodepng.c */ = {isa = PBXFileReference; fileEncoding = 4; lastKnownFileType = sourcecode.c.c; path = lodepng.c; sourceTree = "<group>"; };
		900BA11C220B4602005B8EE7 /* cJSON.c */ = {isa = PBXFileReference; fileEncoding = 4; lastKnownFileType = sourcecode.c.c; path = cJSON.c; sourceTree = "<group>"; };
		900BA11F220B4602005B8EE7 /* timer.c */ = {isa = PBXFileReference; fileEncoding = 4; lastKnownFileType = sourcecode.c.c; path = timer.c; sourceTree = "<group>"; };
		900BA120220B4602005B8EE7 /* ui.h */ = {isa = PBXFileReference; fileEncoding = 4; lastKnownFileType = sourcecode.c.h; path = ui.h; sourceTree = "<group>"; };
		900BA122220B4602005B8EE7 /* logging.h */ = {isa = PBXFileReference; fileEncoding = 4; lastKnownFileType = sourcecode.c.h; path = logging.h; sourceTree = "<group>"; };
		900BA124220B4602005B8EE7 /* timer.h */ = {isa = PBXFileReference; fileEncoding = 4; lastKnownFileType = sourcecode.c.h; path = timer.h; sourceTree = "<group>"; };
		900BA125220B4602005B8EE7 /* ui.c */ = {isa = PBXFileReference; fileEncoding = 4; lastKnownFileType = sourcecode.c.c; path = ui.c; sourceTree = "<group>"; };
		900BA127220B4602005B8EE7 /* logging.c */ = {isa = PBXFileReference; fileEncoding = 4; lastKnownFileType = sourcecode.c.c; path = logging.c; sourceTree = "<group>"; };
		900BA128220B4602005B8EE7 /* .editorconfig */ = {isa = PBXFileReference; fileEncoding = 4; lastKnownFileType = text; path = .editorconfig; sourceTree = "<group>"; };
		900BA129220B4602005B8EE7 /* main.c */ = {isa = PBXFileReference; fileEncoding = 4; lastKnownFileType = sourcecode.c.c; path = main.c; sourceTree = "<group>"; };
		900BA12A220B4602005B8EE7 /* includes.h */ = {isa = PBXFileReference; fileEncoding = 4; lastKnownFileType = sourcecode.c.h; path = includes.h; sourceTree = "<group>"; };
		900FB5DB20C3BA3C008174C4 /* scene.json */ = {isa = PBXFileReference; lastKnownFileType = text.json; name = scene.json; path = input/scene.json; sourceTree = "<group>"; };
		90189DA4224EB302007FA268 /* mesh.c */ = {isa = PBXFileReference; fileEncoding = 4; lastKnownFileType = sourcecode.c.c; path = mesh.c; sourceTree = "<group>"; };
		90189DA5224EB302007FA268 /* mesh.h */ = {isa = PBXFileReference; fileEncoding = 4; lastKnownFileType = sourcecode.c.h; path = mesh.h; sourceTree = "<group>"; };
		901CD9282888AAC400D22CA1 /* translucent.c */ = {isa = PBXFileReference; fileEncoding = 4; lastKnownFileType = sourcecode.c.c; path = translucent.c; sourceTree = "<group>"; };
		901CD9292888AAC400D22CA1 /* translucent.h */ = {isa = PBXFileReference; fileEncoding = 4; lastKnownFileType = sourcecode.c.h; path = translucent.h; sourceTree = "<group>"; };
		90204C7823A07F2C00B01EEF /* assert.h */ = {isa = PBXFileReference; lastKnownFileType = sourcecode.c.h; path = assert.h; sourceTree = "<group>"; };
		903235E52506BA1400CF011D /* test_fileio.h */ = {isa = PBXFileReference; lastKnownFileType = sourcecode.c.h; path = test_fileio.h; sourceTree = "<group>"; };
		903235E62506BF7000CF011D /* test_string.h */ = {isa = PBXFileReference; lastKnownFileType = sourcecode.c.h; path = test_string.h; sourceTree = "<group>"; };
		90369CCA222E012F008D215B /* pcg_basic.c */ = {isa = PBXFileReference; fileEncoding = 4; lastKnownFileType = sourcecode.c.c; path = pcg_basic.c; sourceTree = "<group>"; };
		90369CCB222E012F008D215B /* pcg_basic.h */ = {isa = PBXFileReference; fileEncoding = 4; lastKnownFileType = sourcecode.c.h; path = pcg_basic.h; sourceTree = "<group>"; };
		904CDBB6248D74380092E564 /* bvh.h */ = {isa = PBXFileReference; fileEncoding = 4; lastKnownFileType = sourcecode.c.h; path = bvh.h; sourceTree = "<group>"; };
		904CDBB7248D74380092E564 /* bvh.c */ = {isa = PBXFileReference; fileEncoding = 4; lastKnownFileType = sourcecode.c.c; path = bvh.c; sourceTree = "<group>"; };
		90500A8125881C8B006F854A /* grayscale.c */ = {isa = PBXFileReference; lastKnownFileType = sourcecode.c.c; path = grayscale.c; sourceTree = "<group>"; };
		90500A8225881C8B006F854A /* grayscale.h */ = {isa = PBXFileReference; lastKnownFileType = sourcecode.c.h; path = grayscale.h; sourceTree = "<group>"; };
		90500A8925897693006F854A /* transparent.c */ = {isa = PBXFileReference; lastKnownFileType = sourcecode.c.c; path = transparent.c; sourceTree = "<group>"; };
		90500A8A25897693006F854A /* transparent.h */ = {isa = PBXFileReference; lastKnownFileType = sourcecode.c.h; path = transparent.h; sourceTree = "<group>"; };
		90500A8E258AB0FE006F854A /* blackbody.c */ = {isa = PBXFileReference; lastKnownFileType = sourcecode.c.c; path = blackbody.c; sourceTree = "<group>"; };
		90500A8F258AB0FE006F854A /* blackbody.h */ = {isa = PBXFileReference; lastKnownFileType = sourcecode.c.h; path = blackbody.h; sourceTree = "<group>"; };
		90500A92258AB19A006F854A /* vectornode.c */ = {isa = PBXFileReference; lastKnownFileType = sourcecode.c.c; path = vectornode.c; sourceTree = "<group>"; };
		90500A93258AB19A006F854A /* vectornode.h */ = {isa = PBXFileReference; lastKnownFileType = sourcecode.c.h; path = vectornode.h; sourceTree = "<group>"; };
		90500A96258AB484006F854A /* valuenode.c */ = {isa = PBXFileReference; lastKnownFileType = sourcecode.c.c; path = valuenode.c; sourceTree = "<group>"; };
		90500A97258AB484006F854A /* valuenode.h */ = {isa = PBXFileReference; lastKnownFileType = sourcecode.c.h; path = valuenode.h; sourceTree = "<group>"; };
		90500A9A258AC07D006F854A /* add.c */ = {isa = PBXFileReference; lastKnownFileType = sourcecode.c.c; path = add.c; sourceTree = "<group>"; };
		90500A9B258AC07D006F854A /* add.h */ = {isa = PBXFileReference; lastKnownFileType = sourcecode.c.h; path = add.h; sourceTree = "<group>"; };
		90500A9E258C09E8006F854A /* split.c */ = {isa = PBXFileReference; lastKnownFileType = sourcecode.c.c; path = split.c; sourceTree = "<group>"; };
		90500A9F258C09E8006F854A /* split.h */ = {isa = PBXFileReference; lastKnownFileType = sourcecode.c.h; path = split.h; sourceTree = "<group>"; };
		90500AA2258C0AB1006F854A /* combinergb.c */ = {isa = PBXFileReference; lastKnownFileType = sourcecode.c.c; path = combinergb.c; sourceTree = "<group>"; };
		90500AA3258C0AB1006F854A /* combinergb.h */ = {isa = PBXFileReference; lastKnownFileType = sourcecode.c.h; path = combinergb.h; sourceTree = "<group>"; };
		90500AAA258D81CA006F854A /* background.c */ = {isa = PBXFileReference; lastKnownFileType = sourcecode.c.c; path = background.c; sourceTree = "<group>"; };
		90500AAB258D81CA006F854A /* background.h */ = {isa = PBXFileReference; lastKnownFileType = sourcecode.c.h; path = background.h; sourceTree = "<group>"; };
		90500AAE258D95EF006F854A /* gradient.c */ = {isa = PBXFileReference; lastKnownFileType = sourcecode.c.c; path = gradient.c; sourceTree = "<group>"; };
		90500AAF258D95EF006F854A /* gradient.h */ = {isa = PBXFileReference; lastKnownFileType = sourcecode.c.h; path = gradient.h; sourceTree = "<group>"; };
		9050FFE725915222001C172D /* raylength.c */ = {isa = PBXFileReference; lastKnownFileType = sourcecode.c.c; path = raylength.c; sourceTree = "<group>"; };
		9050FFE825915222001C172D /* raylength.h */ = {isa = PBXFileReference; lastKnownFileType = sourcecode.c.h; path = raylength.h; sourceTree = "<group>"; };
		9050FFEF2592BE23001C172D /* alpha.c */ = {isa = PBXFileReference; lastKnownFileType = sourcecode.c.c; path = alpha.c; sourceTree = "<group>"; };
		9050FFF02592BE23001C172D /* alpha.h */ = {isa = PBXFileReference; lastKnownFileType = sourcecode.c.h; path = alpha.h; sourceTree = "<group>"; };
		9050FFF325994121001C172D /* vecmath.c */ = {isa = PBXFileReference; lastKnownFileType = sourcecode.c.c; path = vecmath.c; sourceTree = "<group>"; };
		9050FFF425994121001C172D /* vecmath.h */ = {isa = PBXFileReference; lastKnownFileType = sourcecode.c.h; path = vecmath.h; sourceTree = "<group>"; };
		9050FFF725994B7E001C172D /* math.c */ = {isa = PBXFileReference; lastKnownFileType = sourcecode.c.c; path = math.c; sourceTree = "<group>"; };
		9050FFF825994B7E001C172D /* math.h */ = {isa = PBXFileReference; lastKnownFileType = sourcecode.c.h; path = math.h; sourceTree = "<group>"; };
		9052E8CE25018C050052406D /* fileio.c */ = {isa = PBXFileReference; fileEncoding = 4; lastKnownFileType = sourcecode.c.c; path = fileio.c; sourceTree = "<group>"; };
		9052E8CF25018C050052406D /* fileio.h */ = {isa = PBXFileReference; fileEncoding = 4; lastKnownFileType = sourcecode.c.h; path = fileio.h; sourceTree = "<group>"; };
		90584305236651FC009D92F1 /* C-Ray Debug */ = {isa = PBXFileReference; explicitFileType = "compiled.mach-o.executable"; includeInIndex = 0; path = "C-Ray Debug"; sourceTree = BUILT_PRODUCTS_DIR; };
		905A616326C1CCE800B7D5A5 /* uv.c */ = {isa = PBXFileReference; lastKnownFileType = sourcecode.c.c; path = uv.c; sourceTree = "<group>"; };
		905A616426C1CCE800B7D5A5 /* uv.h */ = {isa = PBXFileReference; lastKnownFileType = sourcecode.c.h; path = uv.h; sourceTree = "<group>"; };
		9060BAAB2603CAA300B3D603 /* base64.c */ = {isa = PBXFileReference; lastKnownFileType = sourcecode.c.c; path = base64.c; sourceTree = "<group>"; };
		9060BAAC2603CAA300B3D603 /* base64.h */ = {isa = PBXFileReference; lastKnownFileType = sourcecode.c.h; path = base64.h; sourceTree = "<group>"; };
		9060BAAF2603E9FD00B3D603 /* test_base64.h */ = {isa = PBXFileReference; lastKnownFileType = sourcecode.c.h; path = test_base64.h; sourceTree = "<group>"; };
		9060BAB02603EC3A00B3D603 /* perf_base64.h */ = {isa = PBXFileReference; lastKnownFileType = sourcecode.c.h; path = perf_base64.h; sourceTree = "<group>"; };
		9062FA07243BBD0900420889 /* args.h */ = {isa = PBXFileReference; lastKnownFileType = sourcecode.c.h; path = args.h; sourceTree = "<group>"; };
		9062FA08243BBD0900420889 /* args.c */ = {isa = PBXFileReference; lastKnownFileType = sourcecode.c.c; path = args.c; sourceTree = "<group>"; };
		9062FA0B243CC4B200420889 /* signal.h */ = {isa = PBXFileReference; lastKnownFileType = sourcecode.c.h; path = signal.h; sourceTree = "<group>"; };
		9062FA0C243CC4B200420889 /* signal.c */ = {isa = PBXFileReference; lastKnownFileType = sourcecode.c.c; path = signal.c; sourceTree = "<group>"; };
		9062FA10243D236600420889 /* png.h */ = {isa = PBXFileReference; lastKnownFileType = sourcecode.c.h; path = png.h; sourceTree = "<group>"; };
		9062FA11243D236600420889 /* png.c */ = {isa = PBXFileReference; lastKnownFileType = sourcecode.c.c; path = png.c; sourceTree = "<group>"; };
		9062FA14243D237200420889 /* bmp.h */ = {isa = PBXFileReference; lastKnownFileType = sourcecode.c.h; path = bmp.h; sourceTree = "<group>"; };
		9062FA15243D237200420889 /* bmp.c */ = {isa = PBXFileReference; lastKnownFileType = sourcecode.c.c; path = bmp.c; sourceTree = "<group>"; };
		9062FA18243D23A400420889 /* encoder.h */ = {isa = PBXFileReference; lastKnownFileType = sourcecode.c.h; path = encoder.h; sourceTree = "<group>"; };
		9062FA19243D23A400420889 /* encoder.c */ = {isa = PBXFileReference; lastKnownFileType = sourcecode.c.c; path = encoder.c; sourceTree = "<group>"; };
		906479BE24982155003772CE /* sky.c */ = {isa = PBXFileReference; lastKnownFileType = sourcecode.c.c; path = sky.c; sourceTree = "<group>"; };
		906479BF24982155003772CE /* sky.h */ = {isa = PBXFileReference; lastKnownFileType = sourcecode.c.h; path = sky.h; sourceTree = "<group>"; };
		906479C224996499003772CE /* bbox.h */ = {isa = PBXFileReference; fileEncoding = 4; lastKnownFileType = sourcecode.c.h; path = bbox.h; sourceTree = "<group>"; };
		9071BC8A257AF8EC0070BA43 /* mempool.c */ = {isa = PBXFileReference; lastKnownFileType = sourcecode.c.c; path = mempool.c; sourceTree = "<group>"; };
		9071BC8B257AF8EC0070BA43 /* mempool.h */ = {isa = PBXFileReference; lastKnownFileType = sourcecode.c.h; path = mempool.h; sourceTree = "<group>"; };
		9071BC8E257AFBCC0070BA43 /* test_mempool.h */ = {isa = PBXFileReference; lastKnownFileType = sourcecode.c.h; path = test_mempool.h; sourceTree = "<group>"; };
		9071BC91257D7D260070BA43 /* constant.c */ = {isa = PBXFileReference; lastKnownFileType = sourcecode.c.c; path = constant.c; sourceTree = "<group>"; };
		9071BC92257D7D260070BA43 /* constant.h */ = {isa = PBXFileReference; lastKnownFileType = sourcecode.c.h; path = constant.h; sourceTree = "<group>"; };
		9071BC95257D7D380070BA43 /* checker.c */ = {isa = PBXFileReference; lastKnownFileType = sourcecode.c.c; path = checker.c; sourceTree = "<group>"; };
		9071BC96257D7D380070BA43 /* checker.h */ = {isa = PBXFileReference; lastKnownFileType = sourcecode.c.h; path = checker.h; sourceTree = "<group>"; };
		9071BC99257D7D470070BA43 /* image.c */ = {isa = PBXFileReference; lastKnownFileType = sourcecode.c.c; path = image.c; sourceTree = "<group>"; };
		9071BC9A257D7D470070BA43 /* image.h */ = {isa = PBXFileReference; lastKnownFileType = sourcecode.c.h; path = image.h; sourceTree = "<group>"; };
		9071BC9D257D86250070BA43 /* hitrecord.h */ = {isa = PBXFileReference; lastKnownFileType = sourcecode.c.h; path = hitrecord.h; sourceTree = "<group>"; };
		9071BC9E257ECFD30070BA43 /* nodebase.h */ = {isa = PBXFileReference; lastKnownFileType = sourcecode.c.h; path = nodebase.h; sourceTree = "<group>"; };
		9071BC9F257ED22C0070BA43 /* nodebase.c */ = {isa = PBXFileReference; lastKnownFileType = sourcecode.c.c; path = nodebase.c; sourceTree = "<group>"; };
		9076FB4B243002A40003B327 /* terminal.h */ = {isa = PBXFileReference; lastKnownFileType = sourcecode.c.h; path = terminal.h; sourceTree = "<group>"; };
		9076FB4C243002A40003B327 /* terminal.c */ = {isa = PBXFileReference; lastKnownFileType = sourcecode.c.c; path = terminal.c; sourceTree = "<group>"; };
		9076FB4F243002B00003B327 /* mutex.h */ = {isa = PBXFileReference; lastKnownFileType = sourcecode.c.h; path = mutex.h; sourceTree = "<group>"; };
		9076FB50243002B00003B327 /* mutex.c */ = {isa = PBXFileReference; lastKnownFileType = sourcecode.c.c; path = mutex.c; sourceTree = "<group>"; };
		9076FB53243002B90003B327 /* thread.h */ = {isa = PBXFileReference; lastKnownFileType = sourcecode.c.h; path = thread.h; sourceTree = "<group>"; };
		9076FB54243002B90003B327 /* thread.c */ = {isa = PBXFileReference; lastKnownFileType = sourcecode.c.c; path = thread.c; sourceTree = "<group>"; };
		9076FB57243002D60003B327 /* capabilities.h */ = {isa = PBXFileReference; lastKnownFileType = sourcecode.c.h; path = capabilities.h; sourceTree = "<group>"; };
		9076FB58243002D60003B327 /* capabilities.c */ = {isa = PBXFileReference; lastKnownFileType = sourcecode.c.c; path = capabilities.c; sourceTree = "<group>"; };
		907E9D1424A2AEDA001C5A60 /* test_transforms.h */ = {isa = PBXFileReference; fileEncoding = 4; lastKnownFileType = sourcecode.c.h; path = test_transforms.h; sourceTree = "<group>"; };
		907E9D1524A2AEDB001C5A60 /* test_textbuffer.h */ = {isa = PBXFileReference; fileEncoding = 4; lastKnownFileType = sourcecode.c.h; path = test_textbuffer.h; sourceTree = "<group>"; };
		907E9D1624A2AEF6001C5A60 /* test_vector.h */ = {isa = PBXFileReference; lastKnownFileType = sourcecode.c.h; path = test_vector.h; sourceTree = "<group>"; };
		907E9D1724A2AF17001C5A60 /* tests.h */ = {isa = PBXFileReference; lastKnownFileType = sourcecode.c.h; path = tests.h; sourceTree = "<group>"; };
		9084D2D52660095000B6FB8A /* isotropic.h */ = {isa = PBXFileReference; lastKnownFileType = sourcecode.c.h; path = isotropic.h; sourceTree = "<group>"; };
		9084D2D62660095000B6FB8A /* isotropic.c */ = {isa = PBXFileReference; lastKnownFileType = sourcecode.c.c; path = isotropic.c; sourceTree = "<group>"; };
		9084D2D92687389C00B6FB8A /* test_nodes.h */ = {isa = PBXFileReference; lastKnownFileType = sourcecode.c.h; path = test_nodes.h; sourceTree = "<group>"; };
		908981062628DAAE0054B5E7 /* vectocolor.c */ = {isa = PBXFileReference; lastKnownFileType = sourcecode.c.c; path = vectocolor.c; sourceTree = "<group>"; };
		908981072628DAAE0054B5E7 /* vectocolor.h */ = {isa = PBXFileReference; lastKnownFileType = sourcecode.c.h; path = vectocolor.h; sourceTree = "<group>"; };
		908AA1EA26C467B200823DD3 /* map_range.c */ = {isa = PBXFileReference; lastKnownFileType = sourcecode.c.c; path = map_range.c; sourceTree = "<group>"; };
		908AA1EB26C467B200823DD3 /* map_range.h */ = {isa = PBXFileReference; lastKnownFileType = sourcecode.c.h; path = map_range.h; sourceTree = "<group>"; };
		908ED0AE258F04E300D5B93F /* fresnel.c */ = {isa = PBXFileReference; lastKnownFileType = sourcecode.c.c; path = fresnel.c; sourceTree = "<group>"; };
		908ED0AF258F04E300D5B93F /* fresnel.h */ = {isa = PBXFileReference; lastKnownFileType = sourcecode.c.h; path = fresnel.h; sourceTree = "<group>"; };
		908ED0B2258FAEDA00D5B93F /* normal.c */ = {isa = PBXFileReference; lastKnownFileType = sourcecode.c.c; path = normal.c; sourceTree = "<group>"; };
		908ED0B3258FAEDA00D5B93F /* normal.h */ = {isa = PBXFileReference; lastKnownFileType = sourcecode.c.h; path = normal.h; sourceTree = "<group>"; };
		90908A6E23E0707E0081377B /* assert.c */ = {isa = PBXFileReference; lastKnownFileType = sourcecode.c.c; path = assert.c; sourceTree = "<group>"; };
		9095392323C15A7B0017037C /* c-ray.h */ = {isa = PBXFileReference; lastKnownFileType = sourcecode.c.h; path = "c-ray.h"; sourceTree = "<group>"; };
		9095392423C15A7B0017037C /* c-ray.c */ = {isa = PBXFileReference; lastKnownFileType = sourcecode.c.c; path = "c-ray.c"; sourceTree = "<group>"; };
		9095392723C15AAB0017037C /* networking.h */ = {isa = PBXFileReference; lastKnownFileType = sourcecode.c.h; path = networking.h; sourceTree = "<group>"; };
		9095392823C15AAB0017037C /* networking.c */ = {isa = PBXFileReference; lastKnownFileType = sourcecode.c.c; path = networking.c; sourceTree = "<group>"; };
		90999AE22486DA8200381CB3 /* logo.h */ = {isa = PBXFileReference; fileEncoding = 4; lastKnownFileType = sourcecode.c.h; path = logo.h; sourceTree = "<group>"; };
		909D136B24439069006D0A86 /* string.h */ = {isa = PBXFileReference; lastKnownFileType = sourcecode.c.h; path = string.h; sourceTree = "<group>"; };
		909D136C24439069006D0A86 /* string.c */ = {isa = PBXFileReference; lastKnownFileType = sourcecode.c.c; path = string.c; sourceTree = "<group>"; };
		909D136F2443B4E7006D0A86 /* textbuffer.h */ = {isa = PBXFileReference; lastKnownFileType = sourcecode.c.h; path = textbuffer.h; sourceTree = "<group>"; };
		909D13702443B4E7006D0A86 /* textbuffer.c */ = {isa = PBXFileReference; lastKnownFileType = sourcecode.c.c; path = textbuffer.c; sourceTree = "<group>"; };
		90A0B3C1255A12E100F298F1 /* perf_texture.h */ = {isa = PBXFileReference; lastKnownFileType = sourcecode.c.h; path = perf_texture.h; sourceTree = "<group>"; };
		90A0B3C2255A132F00F298F1 /* tests.h */ = {isa = PBXFileReference; lastKnownFileType = sourcecode.c.h; path = tests.h; sourceTree = "<group>"; };
		90A0B3C3255A191F00F298F1 /* perf_fileio.h */ = {isa = PBXFileReference; lastKnownFileType = sourcecode.c.h; path = perf_fileio.h; sourceTree = "<group>"; };
		90A21CEF24589E6A002C742E /* sampler.h */ = {isa = PBXFileReference; lastKnownFileType = sourcecode.c.h; path = sampler.h; sourceTree = "<group>"; };
		90A21CF024589E6A002C742E /* sampler.c */ = {isa = PBXFileReference; lastKnownFileType = sourcecode.c.c; path = sampler.c; sourceTree = "<group>"; };
		90A21CF324589E84002C742E /* hammersley.h */ = {isa = PBXFileReference; lastKnownFileType = sourcecode.c.h; path = hammersley.h; sourceTree = "<group>"; };
		90A21CF424589E84002C742E /* hammersley.c */ = {isa = PBXFileReference; lastKnownFileType = sourcecode.c.c; path = hammersley.c; sourceTree = "<group>"; };
		90A21CF724589FDD002C742E /* common.h */ = {isa = PBXFileReference; lastKnownFileType = sourcecode.c.h; path = common.h; sourceTree = "<group>"; };
		90A21CFB2458A2D8002C742E /* random.h */ = {isa = PBXFileReference; lastKnownFileType = sourcecode.c.h; path = random.h; sourceTree = "<group>"; };
		90A21CFC2458A2D8002C742E /* random.c */ = {isa = PBXFileReference; lastKnownFileType = sourcecode.c.c; path = random.c; sourceTree = "<group>"; };
		90A51A0223FCB7FF0014DF6B /* memory.h */ = {isa = PBXFileReference; lastKnownFileType = sourcecode.c.h; path = memory.h; sourceTree = "<group>"; };
		90A5347225A10D2400A37176 /* emission.h */ = {isa = PBXFileReference; lastKnownFileType = sourcecode.c.h; path = emission.h; sourceTree = "<group>"; };
		90A5347325A10D2400A37176 /* emission.c */ = {isa = PBXFileReference; lastKnownFileType = sourcecode.c.c; path = emission.c; sourceTree = "<group>"; };
		90AB1E052574373E00EFDF5A /* bsdfnode.c */ = {isa = PBXFileReference; lastKnownFileType = sourcecode.c.c; path = bsdfnode.c; sourceTree = "<group>"; };
		90AB1E062574373E00EFDF5A /* bsdfnode.h */ = {isa = PBXFileReference; lastKnownFileType = sourcecode.c.h; path = bsdfnode.h; sourceTree = "<group>"; };
		90AB1E0925745DFE00EFDF5A /* diffuse.c */ = {isa = PBXFileReference; lastKnownFileType = sourcecode.c.c; path = diffuse.c; sourceTree = "<group>"; };
		90AB1E0A25745DFE00EFDF5A /* diffuse.h */ = {isa = PBXFileReference; lastKnownFileType = sourcecode.c.h; path = diffuse.h; sourceTree = "<group>"; };
		90AB1E0D25745E0C00EFDF5A /* mix.c */ = {isa = PBXFileReference; lastKnownFileType = sourcecode.c.c; path = mix.c; sourceTree = "<group>"; };
		90AB1E0E25745E0C00EFDF5A /* mix.h */ = {isa = PBXFileReference; lastKnownFileType = sourcecode.c.h; path = mix.h; sourceTree = "<group>"; };
		90AB1E112574798F00EFDF5A /* glass.c */ = {isa = PBXFileReference; lastKnownFileType = sourcecode.c.c; path = glass.c; sourceTree = "<group>"; };
		90AB1E122574798F00EFDF5A /* glass.h */ = {isa = PBXFileReference; lastKnownFileType = sourcecode.c.h; path = glass.h; sourceTree = "<group>"; };
		90AB1E1525747C9C00EFDF5A /* metal.c */ = {isa = PBXFileReference; lastKnownFileType = sourcecode.c.c; path = metal.c; sourceTree = "<group>"; };
		90AB1E1625747C9C00EFDF5A /* metal.h */ = {isa = PBXFileReference; lastKnownFileType = sourcecode.c.h; path = metal.h; sourceTree = "<group>"; };
		90AB1E192575709000EFDF5A /* colornode.c */ = {isa = PBXFileReference; lastKnownFileType = sourcecode.c.c; path = colornode.c; sourceTree = "<group>"; };
		90AB1E1A2575709000EFDF5A /* colornode.h */ = {isa = PBXFileReference; lastKnownFileType = sourcecode.c.h; path = colornode.h; sourceTree = "<group>"; };
		90AB1E1D2575B1AD00EFDF5A /* plastic.c */ = {isa = PBXFileReference; lastKnownFileType = sourcecode.c.c; path = plastic.c; sourceTree = "<group>"; };
		90AB1E1E2575B1AD00EFDF5A /* plastic.h */ = {isa = PBXFileReference; lastKnownFileType = sourcecode.c.h; path = plastic.h; sourceTree = "<group>"; };
		90AE77992700E523004EDEA0 /* gltf.c */ = {isa = PBXFileReference; lastKnownFileType = sourcecode.c.c; path = gltf.c; sourceTree = "<group>"; };
		90AE779A2700E523004EDEA0 /* gltf.h */ = {isa = PBXFileReference; lastKnownFileType = sourcecode.c.h; path = gltf.h; sourceTree = "<group>"; };
		90B3EC6F2607BE5300B11B9E /* protocol.c */ = {isa = PBXFileReference; lastKnownFileType = sourcecode.c.c; path = protocol.c; sourceTree = "<group>"; };
		90B3EC702607BE5300B11B9E /* protocol.h */ = {isa = PBXFileReference; lastKnownFileType = sourcecode.c.h; path = protocol.h; sourceTree = "<group>"; };
		90BAE9362328344100B1EBF0 /* stb_image.h */ = {isa = PBXFileReference; lastKnownFileType = sourcecode.c.h; path = stb_image.h; sourceTree = "<group>"; };
		90C5D5562448CEAB00C58643 /* imagefile.h */ = {isa = PBXFileReference; lastKnownFileType = sourcecode.c.h; path = imagefile.h; sourceTree = "<group>"; };
		90C5D5572448CEAB00C58643 /* imagefile.c */ = {isa = PBXFileReference; lastKnownFileType = sourcecode.c.c; path = imagefile.c; sourceTree = "<group>"; };
		90C792C9245209E20067E787 /* halton.h */ = {isa = PBXFileReference; lastKnownFileType = sourcecode.c.h; path = halton.h; sourceTree = "<group>"; };
		90C792CA245209E20067E787 /* halton.c */ = {isa = PBXFileReference; lastKnownFileType = sourcecode.c.c; path = halton.c; sourceTree = "<group>"; };
		90CA85162252C90C00BA7702 /* wavefront.h */ = {isa = PBXFileReference; fileEncoding = 4; lastKnownFileType = sourcecode.c.h; path = wavefront.h; sourceTree = "<group>"; };
		90CA85172252C90C00BA7702 /* textureloader.h */ = {isa = PBXFileReference; fileEncoding = 4; lastKnownFileType = sourcecode.c.h; path = textureloader.h; sourceTree = "<group>"; };
		90CA85182252C90C00BA7702 /* mtlloader.c */ = {isa = PBXFileReference; fileEncoding = 4; lastKnownFileType = sourcecode.c.c; path = mtlloader.c; sourceTree = "<group>"; };
		90CA85192252C90C00BA7702 /* wavefront.c */ = {isa = PBXFileReference; fileEncoding = 4; lastKnownFileType = sourcecode.c.c; path = wavefront.c; sourceTree = "<group>"; };
		90CA851A2252C90C00BA7702 /* mtlloader.h */ = {isa = PBXFileReference; fileEncoding = 4; lastKnownFileType = sourcecode.c.h; path = mtlloader.h; sourceTree = "<group>"; };
		90CA851B2252C90C00BA7702 /* textureloader.c */ = {isa = PBXFileReference; fileEncoding = 4; lastKnownFileType = sourcecode.c.c; path = textureloader.c; sourceTree = "<group>"; };
		90CA851F2252CB3800BA7702 /* sceneloader.h */ = {isa = PBXFileReference; fileEncoding = 4; lastKnownFileType = sourcecode.c.h; path = sceneloader.h; sourceTree = "<group>"; };
		90CA85202252CB3800BA7702 /* sceneloader.c */ = {isa = PBXFileReference; fileEncoding = 4; lastKnownFileType = sourcecode.c.c; path = sceneloader.c; sourceTree = "<group>"; };
		90CB8BC326DFF763006EA951 /* spline.c */ = {isa = PBXFileReference; lastKnownFileType = sourcecode.c.c; path = spline.c; sourceTree = "<group>"; };
		90CB8BC426DFF763006EA951 /* spline.h */ = {isa = PBXFileReference; lastKnownFileType = sourcecode.c.h; path = spline.h; sourceTree = "<group>"; };
		90CFA7DD2381BF0900061288 /* hashtable.h */ = {isa = PBXFileReference; lastKnownFileType = sourcecode.c.h; path = hashtable.h; sourceTree = "<group>"; };
		90CFA7DE2381BF0900061288 /* hashtable.c */ = {isa = PBXFileReference; lastKnownFileType = sourcecode.c.c; path = hashtable.c; sourceTree = "<group>"; };
		90D5F02524A208100068FC60 /* gitsha1.c */ = {isa = PBXFileReference; fileEncoding = 4; lastKnownFileType = sourcecode.c.c; name = gitsha1.c; path = generated/gitsha1.c; sourceTree = SOURCE_ROOT; };
		90D99AF41D08ADB10015A854 /* C-Ray Fast */ = {isa = PBXFileReference; explicitFileType = "compiled.mach-o.executable"; includeInIndex = 0; path = "C-Ray Fast"; sourceTree = BUILT_PRODUCTS_DIR; };
		90E1721B2774FDA6009B5FF0 /* quaternion.h */ = {isa = PBXFileReference; fileEncoding = 4; lastKnownFileType = sourcecode.c.h; path = quaternion.h; sourceTree = "<group>"; };
		90E1721C2774FDA7009B5FF0 /* quaternion.c */ = {isa = PBXFileReference; fileEncoding = 4; lastKnownFileType = sourcecode.c.c; path = quaternion.c; sourceTree = "<group>"; };
		90E1721F27751330009B5FF0 /* qoi.h */ = {isa = PBXFileReference; lastKnownFileType = sourcecode.c.h; path = qoi.h; sourceTree = "<group>"; };
		90E172202775148F009B5FF0 /* qoi.h */ = {isa = PBXFileReference; lastKnownFileType = sourcecode.c.h; path = qoi.h; sourceTree = "<group>"; };
		90E172212775148F009B5FF0 /* qoi.c */ = {isa = PBXFileReference; lastKnownFileType = sourcecode.c.c; path = qoi.c; sourceTree = "<group>"; };
		90E1A60D261CF44500EAE727 /* server.c */ = {isa = PBXFileReference; lastKnownFileType = sourcecode.c.c; path = server.c; sourceTree = "<group>"; };
		90E1A60E261CF44500EAE727 /* server.h */ = {isa = PBXFileReference; lastKnownFileType = sourcecode.c.h; path = server.h; sourceTree = "<group>"; };
		90E1A611261CF44E00EAE727 /* worker.c */ = {isa = PBXFileReference; lastKnownFileType = sourcecode.c.c; path = worker.c; sourceTree = "<group>"; };
		90E1A612261CF44E00EAE727 /* worker.h */ = {isa = PBXFileReference; lastKnownFileType = sourcecode.c.h; path = worker.h; sourceTree = "<group>"; };
		90E2DB28223D575600E7A305 /* asprintf.h */ = {isa = PBXFileReference; fileEncoding = 4; lastKnownFileType = sourcecode.c.h; path = asprintf.h; sourceTree = "<group>"; };
		90EC1B1826125DF30060C560 /* filecache.c */ = {isa = PBXFileReference; lastKnownFileType = sourcecode.c.c; path = filecache.c; sourceTree = "<group>"; };
		90EC1B1926125DF30060C560 /* filecache.h */ = {isa = PBXFileReference; lastKnownFileType = sourcecode.c.h; path = filecache.h; sourceTree = "<group>"; };
		90ECE4042513FE9700929833 /* test_hashtable.h */ = {isa = PBXFileReference; lastKnownFileType = sourcecode.c.h; path = test_hashtable.h; sourceTree = "<group>"; };
		90EE4F3A237DD49F0071894E /* meshloader.h */ = {isa = PBXFileReference; lastKnownFileType = sourcecode.c.h; path = meshloader.h; sourceTree = "<group>"; };
		90EE4F3B237DD49F0071894E /* meshloader.c */ = {isa = PBXFileReference; lastKnownFileType = sourcecode.c.c; path = meshloader.c; sourceTree = "<group>"; };
		90FAD26724A26F0B00F8CA79 /* instance.h */ = {isa = PBXFileReference; lastKnownFileType = sourcecode.c.h; path = instance.h; sourceTree = "<group>"; };
		90FAD26824A26F0B00F8CA79 /* instance.c */ = {isa = PBXFileReference; lastKnownFileType = sourcecode.c.c; path = instance.c; sourceTree = "<group>"; };
		90FAD26F24A2ADE400F8CA79 /* testrunner.h */ = {isa = PBXFileReference; fileEncoding = 4; lastKnownFileType = sourcecode.c.h; path = testrunner.h; sourceTree = "<group>"; };
		90FAD27024A2ADE400F8CA79 /* testrunner.c */ = {isa = PBXFileReference; fileEncoding = 4; lastKnownFileType = sourcecode.c.c; path = testrunner.c; sourceTree = "<group>"; };
		90FB15C922596E79008D6AAA /* gitsha1.h */ = {isa = PBXFileReference; fileEncoding = 4; lastKnownFileType = sourcecode.c.h; path = gitsha1.h; sourceTree = "<group>"; };
		90FB15CA22596E79008D6AAA /* gitsha1.c.in */ = {isa = PBXFileReference; fileEncoding = 4; lastKnownFileType = text; path = gitsha1.c.in; sourceTree = "<group>"; };
		90FB15CC225C6D85008D6AAA /* texture.h */ = {isa = PBXFileReference; lastKnownFileType = sourcecode.c.h; path = texture.h; sourceTree = "<group>"; };
		90FB15CD225C6D85008D6AAA /* texture.c */ = {isa = PBXFileReference; lastKnownFileType = sourcecode.c.c; path = texture.c; sourceTree = "<group>"; };
/* End PBXFileReference section */

/* Begin PBXFrameworksBuildPhase section */
		90584300236651FC009D92F1 /* Frameworks */ = {
			isa = PBXFrameworksBuildPhase;
			buildActionMask = 2147483647;
			files = (
			);
			runOnlyForDeploymentPostprocessing = 0;
		};
		90D99AF11D08ADB10015A854 /* Frameworks */ = {
			isa = PBXFrameworksBuildPhase;
			buildActionMask = 2147483647;
			files = (
			);
			runOnlyForDeploymentPostprocessing = 0;
		};
/* End PBXFrameworksBuildPhase section */

/* Begin PBXGroup section */
		9005F1AC1EA570B9004CF72D /* Frameworks */ = {
			isa = PBXGroup;
			children = (
			);
			name = Frameworks;
			sourceTree = "<group>";
		};
		900BA0EF220B4602005B8EE7 /* src */ = {
			isa = PBXGroup;
			children = (
				9095392323C15A7B0017037C /* c-ray.h */,
				9095392423C15A7B0017037C /* c-ray.c */,
				900BA129220B4602005B8EE7 /* main.c */,
				900BA12A220B4602005B8EE7 /* includes.h */,
				900BA128220B4602005B8EE7 /* .editorconfig */,
				900BA0F1220B4602005B8EE7 /* accelerators */,
				90AB1E042574372400EFDF5A /* nodes */,
				900BA0F6220B4602005B8EE7 /* renderer */,
				900BA0FB220B4602005B8EE7 /* datatypes */,
				900BA112220B4602005B8EE7 /* libraries */,
				900BA11D220B4602005B8EE7 /* utils */,
			);
			path = src;
			sourceTree = "<group>";
		};
		900BA0F1220B4602005B8EE7 /* accelerators */ = {
			isa = PBXGroup;
			children = (
				904CDBB6248D74380092E564 /* bvh.h */,
				904CDBB7248D74380092E564 /* bvh.c */,
			);
			path = accelerators;
			sourceTree = "<group>";
		};
		900BA0F6220B4602005B8EE7 /* renderer */ = {
			isa = PBXGroup;
			children = (
				90A21CEE24589E4E002C742E /* samplers */,
				900BA0F9220B4602005B8EE7 /* pathtrace.h */,
				900BA0F7220B4602005B8EE7 /* pathtrace.c */,
				900BA0F8220B4602005B8EE7 /* renderer.h */,
				900BA0FA220B4602005B8EE7 /* renderer.c */,
				906479BF24982155003772CE /* sky.h */,
				906479BE24982155003772CE /* sky.c */,
			);
			path = renderer;
			sourceTree = "<group>";
		};
		900BA0FB220B4602005B8EE7 /* datatypes */ = {
			isa = PBXGroup;
			children = (
				90C5D5512448CC8400C58643 /* image */,
				906479C224996499003772CE /* bbox.h */,
				900BA108220B4602005B8EE7 /* poly.h */,
				900BA0FC220B4602005B8EE7 /* poly.c */,
				90E1721B2774FDA6009B5FF0 /* quaternion.h */,
				90E1721C2774FDA7009B5FF0 /* quaternion.c */,
				900BA0FD220B4602005B8EE7 /* tile.h */,
				900BA107220B4602005B8EE7 /* tile.c */,
				900BA10D220B4602005B8EE7 /* vector.h */,
				900BA0FF220B4602005B8EE7 /* camera.h */,
				900BA10C220B4602005B8EE7 /* camera.c */,
				900BA100220B4602005B8EE7 /* sphere.h */,
				900BA10B220B4602005B8EE7 /* sphere.c */,
				900BA101220B4602005B8EE7 /* material.h */,
				900BA10A220B4602005B8EE7 /* material.c */,
				90189DA5224EB302007FA268 /* mesh.h */,
				90189DA4224EB302007FA268 /* mesh.c */,
				900BA109220B4602005B8EE7 /* lightray.h */,
				900BA103220B4602005B8EE7 /* color.h */,
				900BA110220B4602005B8EE7 /* color.c */,
				900BA111220B4602005B8EE7 /* scene.h */,
				900BA104220B4602005B8EE7 /* scene.c */,
				900BA10E220B4602005B8EE7 /* transforms.h */,
				900BA106220B4602005B8EE7 /* transforms.c */,
				90FAD26724A26F0B00F8CA79 /* instance.h */,
				90FAD26824A26F0B00F8CA79 /* instance.c */,
				9071BC9D257D86250070BA43 /* hitrecord.h */,
				90CB8BC426DFF763006EA951 /* spline.h */,
				90CB8BC326DFF763006EA951 /* spline.c */,
			);
			path = datatypes;
			sourceTree = "<group>";
		};
		900BA112220B4602005B8EE7 /* libraries */ = {
			isa = PBXGroup;
			children = (
				90E2DB28223D575600E7A305 /* asprintf.h */,
				90369CCA222E012F008D215B /* pcg_basic.c */,
				90369CCB222E012F008D215B /* pcg_basic.h */,
				900BA113220B4602005B8EE7 /* lodepng.h */,
				900BA11B220B4602005B8EE7 /* lodepng.c */,
				900BA117220B4602005B8EE7 /* cJSON.h */,
				900BA11C220B4602005B8EE7 /* cJSON.c */,
				90BAE9362328344100B1EBF0 /* stb_image.h */,
				90E1721F27751330009B5FF0 /* qoi.h */,
			);
			path = libraries;
			sourceTree = "<group>";
		};
		900BA11D220B4602005B8EE7 /* utils */ = {
			isa = PBXGroup;
			children = (
				9076FB4A242D59F20003B327 /* platform */,
				90CA85152252C90C00BA7702 /* loaders */,
				9062FA0F243D233E00420889 /* encoders */,
				90E1A60C261CF3E400EAE727 /* protocol */,
				9095392723C15AAB0017037C /* networking.h */,
				9095392823C15AAB0017037C /* networking.c */,
				909D136F2443B4E7006D0A86 /* textbuffer.h */,
				909D13702443B4E7006D0A86 /* textbuffer.c */,
				9062FA07243BBD0900420889 /* args.h */,
				9062FA08243BBD0900420889 /* args.c */,
				90CFA7DD2381BF0900061288 /* hashtable.h */,
				90CFA7DE2381BF0900061288 /* hashtable.c */,
				9052E8CF25018C050052406D /* fileio.h */,
				9052E8CE25018C050052406D /* fileio.c */,
				909D136B24439069006D0A86 /* string.h */,
				909D136C24439069006D0A86 /* string.c */,
				900BA124220B4602005B8EE7 /* timer.h */,
				900BA11F220B4602005B8EE7 /* timer.c */,
				900BA120220B4602005B8EE7 /* ui.h */,
				900BA125220B4602005B8EE7 /* ui.c */,
				900BA122220B4602005B8EE7 /* logging.h */,
				900BA127220B4602005B8EE7 /* logging.c */,
				90FB15CA22596E79008D6AAA /* gitsha1.c.in */,
				90D5F02524A208100068FC60 /* gitsha1.c */,
				90FB15C922596E79008D6AAA /* gitsha1.h */,
				90204C7823A07F2C00B01EEF /* assert.h */,
				90908A6E23E0707E0081377B /* assert.c */,
				90A51A0223FCB7FF0014DF6B /* memory.h */,
				90999AE22486DA8200381CB3 /* logo.h */,
				90FAD26F24A2ADE400F8CA79 /* testrunner.h */,
				90FAD27024A2ADE400F8CA79 /* testrunner.c */,
				9071BC8B257AF8EC0070BA43 /* mempool.h */,
				9071BC8A257AF8EC0070BA43 /* mempool.c */,
				9060BAAC2603CAA300B3D603 /* base64.h */,
				9060BAAB2603CAA300B3D603 /* base64.c */,
				90EC1B1926125DF30060C560 /* filecache.h */,
				90EC1B1826125DF30060C560 /* filecache.c */,
			);
			path = utils;
			sourceTree = "<group>";
		};
		90500A8D258AB0C8006F854A /* converter */ = {
			isa = PBXGroup;
			children = (
				90500A8F258AB0FE006F854A /* blackbody.h */,
				90500A8E258AB0FE006F854A /* blackbody.c */,
				90500A8225881C8B006F854A /* grayscale.h */,
				90500A8125881C8B006F854A /* grayscale.c */,
				90500A9F258C09E8006F854A /* split.h */,
				90500A9E258C09E8006F854A /* split.c */,
				90500AA3258C0AB1006F854A /* combinergb.h */,
				90500AA2258C0AB1006F854A /* combinergb.c */,
				9050FFF425994121001C172D /* vecmath.h */,
				9050FFF325994121001C172D /* vecmath.c */,
				9050FFF825994B7E001C172D /* math.h */,
				9050FFF725994B7E001C172D /* math.c */,
				908981072628DAAE0054B5E7 /* vectocolor.h */,
				908981062628DAAE0054B5E7 /* vectocolor.c */,
				908AA1EB26C467B200823DD3 /* map_range.h */,
				908AA1EA26C467B200823DD3 /* map_range.c */,
			);
			path = converter;
			sourceTree = "<group>";
		};
		9062FA0F243D233E00420889 /* encoders */ = {
			isa = PBXGroup;
			children = (
				9062FA1C243D23AC00420889 /* formats */,
				9062FA18243D23A400420889 /* encoder.h */,
				9062FA19243D23A400420889 /* encoder.c */,
			);
			path = encoders;
			sourceTree = "<group>";
		};
		9062FA1C243D23AC00420889 /* formats */ = {
			isa = PBXGroup;
			children = (
				9062FA10243D236600420889 /* png.h */,
				9062FA11243D236600420889 /* png.c */,
				9062FA14243D237200420889 /* bmp.h */,
				9062FA15243D237200420889 /* bmp.c */,
				90E172202775148F009B5FF0 /* qoi.h */,
				90E172212775148F009B5FF0 /* qoi.c */,
			);
			path = formats;
			sourceTree = "<group>";
		};
		9071BC8F257D5C2B0070BA43 /* shaders */ = {
			isa = PBXGroup;
			children = (
				90500A9B258AC07D006F854A /* add.h */,
				90500A9A258AC07D006F854A /* add.c */,
				90AB1E0A25745DFE00EFDF5A /* diffuse.h */,
				90AB1E0925745DFE00EFDF5A /* diffuse.c */,
				90AB1E0E25745E0C00EFDF5A /* mix.h */,
				90AB1E0D25745E0C00EFDF5A /* mix.c */,
				90AB1E122574798F00EFDF5A /* glass.h */,
				90AB1E112574798F00EFDF5A /* glass.c */,
				90AB1E1625747C9C00EFDF5A /* metal.h */,
				90AB1E1525747C9C00EFDF5A /* metal.c */,
				90AB1E1E2575B1AD00EFDF5A /* plastic.h */,
				90AB1E1D2575B1AD00EFDF5A /* plastic.c */,
				901CD9282888AAC400D22CA1 /* translucent.c */,
				901CD9292888AAC400D22CA1 /* translucent.h */,
				90500A8A25897693006F854A /* transparent.h */,
				90500A8925897693006F854A /* transparent.c */,
				90500AAB258D81CA006F854A /* background.h */,
				90500AAA258D81CA006F854A /* background.c */,
				90A5347225A10D2400A37176 /* emission.h */,
				90A5347325A10D2400A37176 /* emission.c */,
				9084D2D52660095000B6FB8A /* isotropic.h */,
				9084D2D62660095000B6FB8A /* isotropic.c */,
			);
			path = shaders;
			sourceTree = "<group>";
		};
		9071BC90257D5C320070BA43 /* textures */ = {
			isa = PBXGroup;
			children = (
				9071BC92257D7D260070BA43 /* constant.h */,
				9071BC91257D7D260070BA43 /* constant.c */,
				9071BC96257D7D380070BA43 /* checker.h */,
				9071BC95257D7D380070BA43 /* checker.c */,
				9071BC9A257D7D470070BA43 /* image.h */,
				9071BC99257D7D470070BA43 /* image.c */,
				90500AAF258D95EF006F854A /* gradient.h */,
				90500AAE258D95EF006F854A /* gradient.c */,
				9050FFF02592BE23001C172D /* alpha.h */,
				9050FFEF2592BE23001C172D /* alpha.c */,
			);
			path = textures;
			sourceTree = "<group>";
		};
		9076FB4A242D59F20003B327 /* platform */ = {
			isa = PBXGroup;
			children = (
				9076FB4B243002A40003B327 /* terminal.h */,
				9076FB4C243002A40003B327 /* terminal.c */,
				9076FB4F243002B00003B327 /* mutex.h */,
				9076FB50243002B00003B327 /* mutex.c */,
				9076FB53243002B90003B327 /* thread.h */,
				9076FB54243002B90003B327 /* thread.c */,
				9076FB57243002D60003B327 /* capabilities.h */,
				9076FB58243002D60003B327 /* capabilities.c */,
				9062FA0B243CC4B200420889 /* signal.h */,
				9062FA0C243CC4B200420889 /* signal.c */,
			);
			path = platform;
			sourceTree = "<group>";
		};
		908ED0AD258F04CF00D5B93F /* input */ = {
			isa = PBXGroup;
			children = (
				908ED0AF258F04E300D5B93F /* fresnel.h */,
				908ED0AE258F04E300D5B93F /* fresnel.c */,
				908ED0B3258FAEDA00D5B93F /* normal.h */,
				908ED0B2258FAEDA00D5B93F /* normal.c */,
				9050FFE825915222001C172D /* raylength.h */,
				9050FFE725915222001C172D /* raylength.c */,
				905A616426C1CCE800B7D5A5 /* uv.h */,
				905A616326C1CCE800B7D5A5 /* uv.c */,
			);
			path = input;
			sourceTree = "<group>";
		};
		90A0B3C0255A12C800F298F1 /* perf */ = {
			isa = PBXGroup;
			children = (
				90A0B3C1255A12E100F298F1 /* perf_texture.h */,
				90A0B3C3255A191F00F298F1 /* perf_fileio.h */,
				9060BAB02603EC3A00B3D603 /* perf_base64.h */,
				90A0B3C2255A132F00F298F1 /* tests.h */,
			);
			path = perf;
			sourceTree = "<group>";
		};
		90A21CEE24589E4E002C742E /* samplers */ = {
			isa = PBXGroup;
			children = (
				90A21CF724589FDD002C742E /* common.h */,
				90C792C9245209E20067E787 /* halton.h */,
				90C792CA245209E20067E787 /* halton.c */,
				90A21CF324589E84002C742E /* hammersley.h */,
				90A21CF424589E84002C742E /* hammersley.c */,
				90A21CFB2458A2D8002C742E /* random.h */,
				90A21CFC2458A2D8002C742E /* random.c */,
				90A21CEF24589E6A002C742E /* sampler.h */,
				90A21CF024589E6A002C742E /* sampler.c */,
			);
			path = samplers;
			sourceTree = "<group>";
		};
		90AB1E02256EF63000EFDF5A /* formats */ = {
			isa = PBXGroup;
			children = (
				90AE779D27021AA9004EDEA0 /* gltf */,
				90AB1E03256EFD8700EFDF5A /* wavefront */,
			);
			path = formats;
			sourceTree = "<group>";
		};
		90AB1E03256EFD8700EFDF5A /* wavefront */ = {
			isa = PBXGroup;
			children = (
				90CA85162252C90C00BA7702 /* wavefront.h */,
				90CA85192252C90C00BA7702 /* wavefront.c */,
				90CA851A2252C90C00BA7702 /* mtlloader.h */,
				90CA85182252C90C00BA7702 /* mtlloader.c */,
			);
			path = wavefront;
			sourceTree = "<group>";
		};
		90AB1E042574372400EFDF5A /* nodes */ = {
			isa = PBXGroup;
			children = (
				9071BC9E257ECFD30070BA43 /* nodebase.h */,
				9071BC9F257ED22C0070BA43 /* nodebase.c */,
				90500A93258AB19A006F854A /* vectornode.h */,
				90500A92258AB19A006F854A /* vectornode.c */,
				90500A97258AB484006F854A /* valuenode.h */,
				90500A96258AB484006F854A /* valuenode.c */,
				90AB1E1A2575709000EFDF5A /* colornode.h */,
				90AB1E192575709000EFDF5A /* colornode.c */,
				90AB1E062574373E00EFDF5A /* bsdfnode.h */,
				90AB1E052574373E00EFDF5A /* bsdfnode.c */,
				908ED0AD258F04CF00D5B93F /* input */,
				90500A8D258AB0C8006F854A /* converter */,
				9071BC90257D5C320070BA43 /* textures */,
				9071BC8F257D5C2B0070BA43 /* shaders */,
			);
			path = nodes;
			sourceTree = "<group>";
		};
		90AE779D27021AA9004EDEA0 /* gltf */ = {
			isa = PBXGroup;
			children = (
				90AE779A2700E523004EDEA0 /* gltf.h */,
				90AE77992700E523004EDEA0 /* gltf.c */,
			);
			path = gltf;
			sourceTree = "<group>";
		};
		90C5D5512448CC8400C58643 /* image */ = {
			isa = PBXGroup;
			children = (
				90FB15CC225C6D85008D6AAA /* texture.h */,
				90FB15CD225C6D85008D6AAA /* texture.c */,
				90C5D5562448CEAB00C58643 /* imagefile.h */,
				90C5D5572448CEAB00C58643 /* imagefile.c */,
			);
			path = image;
			sourceTree = "<group>";
		};
		90CA85152252C90C00BA7702 /* loaders */ = {
			isa = PBXGroup;
			children = (
				90AB1E02256EF63000EFDF5A /* formats */,
				90EE4F3A237DD49F0071894E /* meshloader.h */,
				90EE4F3B237DD49F0071894E /* meshloader.c */,
				90CA85172252C90C00BA7702 /* textureloader.h */,
				90CA851B2252C90C00BA7702 /* textureloader.c */,
				90CA851F2252CB3800BA7702 /* sceneloader.h */,
				90CA85202252CB3800BA7702 /* sceneloader.c */,
			);
			path = loaders;
			sourceTree = "<group>";
		};
		90D99AEB1D08ADB10015A854 = {
			isa = PBXGroup;
			children = (
				90FAD27424A2AE7900F8CA79 /* tests */,
				90D99AF51D08ADB10015A854 /* Products */,
				900BA0EF220B4602005B8EE7 /* src */,
				90D99B321D0DBDF60015A854 /* Inputfiles */,
				9005F1AC1EA570B9004CF72D /* Frameworks */,
			);
			sourceTree = "<group>";
		};
		90D99AF51D08ADB10015A854 /* Products */ = {
			isa = PBXGroup;
			children = (
				90D99AF41D08ADB10015A854 /* C-Ray Fast */,
				90584305236651FC009D92F1 /* C-Ray Debug */,
			);
			name = Products;
			sourceTree = "<group>";
		};
		90D99B321D0DBDF60015A854 /* Inputfiles */ = {
			isa = PBXGroup;
			children = (
				900FB5DB20C3BA3C008174C4 /* scene.json */,
			);
			name = Inputfiles;
			sourceTree = "<group>";
		};
		90E1A60C261CF3E400EAE727 /* protocol */ = {
			isa = PBXGroup;
			children = (
				90B3EC702607BE5300B11B9E /* protocol.h */,
				90B3EC6F2607BE5300B11B9E /* protocol.c */,
				90E1A60E261CF44500EAE727 /* server.h */,
				90E1A60D261CF44500EAE727 /* server.c */,
				90E1A612261CF44E00EAE727 /* worker.h */,
				90E1A611261CF44E00EAE727 /* worker.c */,
			);
			path = protocol;
			sourceTree = "<group>";
		};
		90FAD27424A2AE7900F8CA79 /* tests */ = {
			isa = PBXGroup;
			children = (
				90A0B3C0255A12C800F298F1 /* perf */,
				907E9D1524A2AEDB001C5A60 /* test_textbuffer.h */,
				907E9D1424A2AEDA001C5A60 /* test_transforms.h */,
				907E9D1624A2AEF6001C5A60 /* test_vector.h */,
				903235E52506BA1400CF011D /* test_fileio.h */,
				903235E62506BF7000CF011D /* test_string.h */,
				90ECE4042513FE9700929833 /* test_hashtable.h */,
				9071BC8E257AFBCC0070BA43 /* test_mempool.h */,
				9060BAAF2603E9FD00B3D603 /* test_base64.h */,
				9084D2D92687389C00B6FB8A /* test_nodes.h */,
				907E9D1724A2AF17001C5A60 /* tests.h */,
			);
			path = tests;
			sourceTree = "<group>";
		};
/* End PBXGroup section */

/* Begin PBXNativeTarget section */
		905842D9236651FC009D92F1 /* C-Ray Debug */ = {
			isa = PBXNativeTarget;
			buildConfigurationList = 90584302236651FC009D92F1 /* Build configuration list for PBXNativeTarget "C-Ray Debug" */;
			buildPhases = (
				905842DA236651FC009D92F1 /* Sources */,
				90584300236651FC009D92F1 /* Frameworks */,
				90584301236651FC009D92F1 /* CopyFiles */,
			);
			buildRules = (
			);
			dependencies = (
			);
			name = "C-Ray Debug";
			productName = "C-Ray";
			productReference = 90584305236651FC009D92F1 /* C-Ray Debug */;
			productType = "com.apple.product-type.tool";
		};
		90D99AF31D08ADB10015A854 /* C-Ray Fast */ = {
			isa = PBXNativeTarget;
			buildConfigurationList = 90D99AFB1D08ADB10015A854 /* Build configuration list for PBXNativeTarget "C-Ray Fast" */;
			buildPhases = (
				90D99AF01D08ADB10015A854 /* Sources */,
				90D99AF11D08ADB10015A854 /* Frameworks */,
				90D99AF21D08ADB10015A854 /* CopyFiles */,
			);
			buildRules = (
			);
			dependencies = (
			);
			name = "C-Ray Fast";
			productName = "C-Ray";
			productReference = 90D99AF41D08ADB10015A854 /* C-Ray Fast */;
			productType = "com.apple.product-type.tool";
		};
/* End PBXNativeTarget section */

/* Begin PBXProject section */
		90D99AEC1D08ADB10015A854 /* Project object */ = {
			isa = PBXProject;
			attributes = {
				LastUpgradeCheck = 1100;
				ORGANIZATIONNAME = "Valtteri Koskivuori";
				TargetAttributes = {
					90D99AF31D08ADB10015A854 = {
						CreatedOnToolsVersion = 7.2;
					};
				};
			};
			buildConfigurationList = 90D99AEF1D08ADB10015A854 /* Build configuration list for PBXProject "C-ray" */;
			compatibilityVersion = "Xcode 3.2";
			developmentRegion = en;
			hasScannedForEncodings = 0;
			knownRegions = (
				en,
				Base,
			);
			mainGroup = 90D99AEB1D08ADB10015A854;
			productRefGroup = 90D99AF51D08ADB10015A854 /* Products */;
			projectDirPath = "";
			projectRoot = "";
			targets = (
				90D99AF31D08ADB10015A854 /* C-Ray Fast */,
				905842D9236651FC009D92F1 /* C-Ray Debug */,
			);
		};
/* End PBXProject section */

/* Begin PBXSourcesBuildPhase section */
		905842DA236651FC009D92F1 /* Sources */ = {
			isa = PBXSourcesBuildPhase;
			buildActionMask = 2147483647;
			files = (
				908981092628DAAE0054B5E7 /* vectocolor.c in Sources */,
				90FAD26A24A26F0B00F8CA79 /* instance.c in Sources */,
				905842DB236651FC009D92F1 /* main.c in Sources */,
				905842DC236651FC009D92F1 /* sphere.c in Sources */,
				905842DE236651FC009D92F1 /* poly.c in Sources */,
				9095392623C15A7B0017037C /* c-ray.c in Sources */,
				9071BC94257D7D260070BA43 /* constant.c in Sources */,
				90E172232775148F009B5FF0 /* qoi.c in Sources */,
				908ED0B5258FAEDA00D5B93F /* normal.c in Sources */,
				90CB8BC626DFF763006EA951 /* spline.c in Sources */,
				90A21CFE2458A2D8002C742E /* random.c in Sources */,
				905842E0236651FC009D92F1 /* textureloader.c in Sources */,
				9071BC9C257D7D470070BA43 /* image.c in Sources */,
				90B3EC722607BE5300B11B9E /* protocol.c in Sources */,
				905842E1236651FC009D92F1 /* logging.c in Sources */,
				9076FB5A243002D60003B327 /* capabilities.c in Sources */,
				905842E3236651FC009D92F1 /* timer.c in Sources */,
				905842E4236651FC009D92F1 /* pathtrace.c in Sources */,
				9071BCA1257ED22C0070BA43 /* nodebase.c in Sources */,
				90A21CF224589E6A002C742E /* sampler.c in Sources */,
				90AB1E082574373E00EFDF5A /* bsdfnode.c in Sources */,
				90E1721E2774FDA7009B5FF0 /* quaternion.c in Sources */,
				90C5D5592448CEAB00C58643 /* imagefile.c in Sources */,
				9076FB56243002B90003B327 /* thread.c in Sources */,
				905842E7236651FC009D92F1 /* material.c in Sources */,
				9095392A23C15AAB0017037C /* networking.c in Sources */,
				90500A8425881C8B006F854A /* grayscale.c in Sources */,
				905842E8236651FC009D92F1 /* lodepng.c in Sources */,
				90C792CC245209E20067E787 /* halton.c in Sources */,
				90A21CF624589E84002C742E /* hammersley.c in Sources */,
				90500AA5258C0AB1006F854A /* combinergb.c in Sources */,
				905842EB236651FC009D92F1 /* texture.c in Sources */,
				905842EC236651FC009D92F1 /* wavefront.c in Sources */,
				90AB1E142574798F00EFDF5A /* glass.c in Sources */,
				9050FFF625994121001C172D /* vecmath.c in Sources */,
				9062FA0A243BBD0900420889 /* args.c in Sources */,
				90AB1E1825747C9C00EFDF5A /* metal.c in Sources */,
				90500AAD258D81CA006F854A /* background.c in Sources */,
				90EC1B1B26125DF30060C560 /* filecache.c in Sources */,
				904CDBB9248D74380092E564 /* bvh.c in Sources */,
				90500A8C25897693006F854A /* transparent.c in Sources */,
				90908A7023E0707E0081377B /* assert.c in Sources */,
				90AB1E1025745E0C00EFDF5A /* mix.c in Sources */,
				90D5F02724A208100068FC60 /* gitsha1.c in Sources */,
				909D136E24439069006D0A86 /* string.c in Sources */,
				90FAD27224A2ADE400F8CA79 /* testrunner.c in Sources */,
				905842EE236651FC009D92F1 /* pcg_basic.c in Sources */,
				9052E8D125018C050052406D /* fileio.c in Sources */,
				9071BC8D257AF8EC0070BA43 /* mempool.c in Sources */,
				905842F3236651FC009D92F1 /* mtlloader.c in Sources */,
				905A616626C1CCE800B7D5A5 /* uv.c in Sources */,
				905842F4236651FC009D92F1 /* tile.c in Sources */,
				90500A9D258AC07D006F854A /* add.c in Sources */,
				901CD92B2888AAC400D22CA1 /* translucent.c in Sources */,
				90AB1E1C2575709000EFDF5A /* colornode.c in Sources */,
				90AB1E0C25745DFE00EFDF5A /* diffuse.c in Sources */,
				908AA1ED26C467B200823DD3 /* map_range.c in Sources */,
				9062FA17243D237200420889 /* bmp.c in Sources */,
				9050FFF22592BE23001C172D /* alpha.c in Sources */,
				9060BAAE2603CAA300B3D603 /* base64.c in Sources */,
				905842F5236651FC009D92F1 /* mesh.c in Sources */,
				909D13722443B4E7006D0A86 /* textbuffer.c in Sources */,
				908ED0B1258F04E300D5B93F /* fresnel.c in Sources */,
				9084D2D82660095000B6FB8A /* isotropic.c in Sources */,
				9050FFEA25915222001C172D /* raylength.c in Sources */,
				905842F6236651FC009D92F1 /* cJSON.c in Sources */,
				90500A91258AB0FE006F854A /* blackbody.c in Sources */,
				9062FA0E243CC4B200420889 /* signal.c in Sources */,
				9076FB52243002B00003B327 /* mutex.c in Sources */,
				90E1A614261CF44E00EAE727 /* worker.c in Sources */,
				9071BC98257D7D380070BA43 /* checker.c in Sources */,
				906479C124982155003772CE /* sky.c in Sources */,
				9062FA1B243D23A400420889 /* encoder.c in Sources */,
				905842F7236651FC009D92F1 /* color.c in Sources */,
				90A5347525A10D2400A37176 /* emission.c in Sources */,
				90EE4F3D237DD49F0071894E /* meshloader.c in Sources */,
				9050FFFA25994B7E001C172D /* math.c in Sources */,
				90500A95258AB19A006F854A /* vectornode.c in Sources */,
				905842F8236651FC009D92F1 /* renderer.c in Sources */,
				905842F9236651FC009D92F1 /* camera.c in Sources */,
				90500A99258AB484006F854A /* valuenode.c in Sources */,
				905842FA236651FC009D92F1 /* scene.c in Sources */,
				905842FC236651FC009D92F1 /* transforms.c in Sources */,
				90AB1E202575B1AD00EFDF5A /* plastic.c in Sources */,
				905842FD236651FC009D92F1 /* ui.c in Sources */,
				9062FA13243D236600420889 /* png.c in Sources */,
				905842FF236651FC009D92F1 /* sceneloader.c in Sources */,
				9076FB4E243002A40003B327 /* terminal.c in Sources */,
				90CFA7E02381BF0900061288 /* hashtable.c in Sources */,
				90500AA1258C09E8006F854A /* split.c in Sources */,
				90E1A610261CF44500EAE727 /* server.c in Sources */,
				90AE779C2700E523004EDEA0 /* gltf.c in Sources */,
				90500AB1258D95EF006F854A /* gradient.c in Sources */,
			);
			runOnlyForDeploymentPostprocessing = 0;
		};
		90D99AF01D08ADB10015A854 /* Sources */ = {
			isa = PBXSourcesBuildPhase;
			buildActionMask = 2147483647;
			files = (
				908981082628DAAE0054B5E7 /* vectocolor.c in Sources */,
				90FAD26924A26F0B00F8CA79 /* instance.c in Sources */,
				900BA144220B4603005B8EE7 /* main.c in Sources */,
				900BA136220B4603005B8EE7 /* sphere.c in Sources */,
				900BA12F220B4603005B8EE7 /* poly.c in Sources */,
				9095392523C15A7B0017037C /* c-ray.c in Sources */,
				9071BC93257D7D260070BA43 /* constant.c in Sources */,
				90E172222775148F009B5FF0 /* qoi.c in Sources */,
				908ED0B4258FAEDA00D5B93F /* normal.c in Sources */,
				90CB8BC526DFF763006EA951 /* spline.c in Sources */,
				90A21CFD2458A2D8002C742E /* random.c in Sources */,
				90CA851E2252C90C00BA7702 /* textureloader.c in Sources */,
				9071BC9B257D7D470070BA43 /* image.c in Sources */,
				90B3EC712607BE5300B11B9E /* protocol.c in Sources */,
				900BA143220B4603005B8EE7 /* logging.c in Sources */,
				9076FB59243002D60003B327 /* capabilities.c in Sources */,
				900BA140220B4603005B8EE7 /* timer.c in Sources */,
				900BA12D220B4603005B8EE7 /* pathtrace.c in Sources */,
				9071BCA0257ED22C0070BA43 /* nodebase.c in Sources */,
				90A21CF124589E6A002C742E /* sampler.c in Sources */,
				90AB1E072574373E00EFDF5A /* bsdfnode.c in Sources */,
				90E1721D2774FDA7009B5FF0 /* quaternion.c in Sources */,
				90C5D5582448CEAB00C58643 /* imagefile.c in Sources */,
				9076FB55243002B90003B327 /* thread.c in Sources */,
				900BA135220B4603005B8EE7 /* material.c in Sources */,
				9095392923C15AAB0017037C /* networking.c in Sources */,
				90500A8325881C8B006F854A /* grayscale.c in Sources */,
				900BA13D220B4603005B8EE7 /* lodepng.c in Sources */,
				90C792CB245209E20067E787 /* halton.c in Sources */,
				90A21CF524589E84002C742E /* hammersley.c in Sources */,
				90500AA4258C0AB1006F854A /* combinergb.c in Sources */,
				90FB15CE225C6D85008D6AAA /* texture.c in Sources */,
				90CA851D2252C90C00BA7702 /* wavefront.c in Sources */,
				90AB1E132574798F00EFDF5A /* glass.c in Sources */,
				9050FFF525994121001C172D /* vecmath.c in Sources */,
				9062FA09243BBD0900420889 /* args.c in Sources */,
				90AB1E1725747C9C00EFDF5A /* metal.c in Sources */,
				90500AAC258D81CA006F854A /* background.c in Sources */,
				90EC1B1A26125DF30060C560 /* filecache.c in Sources */,
				904CDBB8248D74380092E564 /* bvh.c in Sources */,
				90500A8B25897693006F854A /* transparent.c in Sources */,
				90908A6F23E0707E0081377B /* assert.c in Sources */,
				90AB1E0F25745E0C00EFDF5A /* mix.c in Sources */,
				90D5F02624A208100068FC60 /* gitsha1.c in Sources */,
				909D136D24439069006D0A86 /* string.c in Sources */,
				90FAD27124A2ADE400F8CA79 /* testrunner.c in Sources */,
				90369CCC222E012F008D215B /* pcg_basic.c in Sources */,
				9052E8D025018C050052406D /* fileio.c in Sources */,
				9071BC8C257AF8EC0070BA43 /* mempool.c in Sources */,
				90CA851C2252C90C00BA7702 /* mtlloader.c in Sources */,
				905A616526C1CCE800B7D5A5 /* uv.c in Sources */,
				900BA134220B4603005B8EE7 /* tile.c in Sources */,
				90500A9C258AC07D006F854A /* add.c in Sources */,
				901CD92A2888AAC400D22CA1 /* translucent.c in Sources */,
				90AB1E1B2575709000EFDF5A /* colornode.c in Sources */,
				90AB1E0B25745DFE00EFDF5A /* diffuse.c in Sources */,
				908AA1EC26C467B200823DD3 /* map_range.c in Sources */,
				9062FA16243D237200420889 /* bmp.c in Sources */,
				9050FFF12592BE23001C172D /* alpha.c in Sources */,
				9060BAAD2603CAA300B3D603 /* base64.c in Sources */,
				90189DA6224EB302007FA268 /* mesh.c in Sources */,
				909D13712443B4E7006D0A86 /* textbuffer.c in Sources */,
				908ED0B0258F04E300D5B93F /* fresnel.c in Sources */,
				9084D2D72660095000B6FB8A /* isotropic.c in Sources */,
				9050FFE925915222001C172D /* raylength.c in Sources */,
				900BA13E220B4603005B8EE7 /* cJSON.c in Sources */,
				90500A90258AB0FE006F854A /* blackbody.c in Sources */,
				9062FA0D243CC4B200420889 /* signal.c in Sources */,
				9076FB51243002B00003B327 /* mutex.c in Sources */,
				90E1A613261CF44E00EAE727 /* worker.c in Sources */,
				9071BC97257D7D380070BA43 /* checker.c in Sources */,
				906479C024982155003772CE /* sky.c in Sources */,
				9062FA1A243D23A400420889 /* encoder.c in Sources */,
				900BA139220B4603005B8EE7 /* color.c in Sources */,
				90A5347425A10D2400A37176 /* emission.c in Sources */,
				90EE4F3C237DD49F0071894E /* meshloader.c in Sources */,
				9050FFF925994B7E001C172D /* math.c in Sources */,
				90500A94258AB19A006F854A /* vectornode.c in Sources */,
				900BA12E220B4603005B8EE7 /* renderer.c in Sources */,
				900BA137220B4603005B8EE7 /* camera.c in Sources */,
				90500A98258AB484006F854A /* valuenode.c in Sources */,
				900BA132220B4603005B8EE7 /* scene.c in Sources */,
				900BA133220B4603005B8EE7 /* transforms.c in Sources */,
				90AB1E1F2575B1AD00EFDF5A /* plastic.c in Sources */,
				900BA141220B4603005B8EE7 /* ui.c in Sources */,
				9062FA12243D236600420889 /* png.c in Sources */,
				90CA85212252CB3800BA7702 /* sceneloader.c in Sources */,
				9076FB4D243002A40003B327 /* terminal.c in Sources */,
				90CFA7DF2381BF0900061288 /* hashtable.c in Sources */,
				90500AA0258C09E8006F854A /* split.c in Sources */,
				90E1A60F261CF44500EAE727 /* server.c in Sources */,
				90AE779B2700E523004EDEA0 /* gltf.c in Sources */,
				90500AB0258D95EF006F854A /* gradient.c in Sources */,
			);
			runOnlyForDeploymentPostprocessing = 0;
		};
/* End PBXSourcesBuildPhase section */

/* Begin XCBuildConfiguration section */
		90584303236651FC009D92F1 /* Debug */ = {
			isa = XCBuildConfiguration;
			buildSettings = {
				CLANG_ANALYZER_SECURITY_FLOATLOOPCOUNTER = YES;
				CLANG_WARN_ASSIGN_ENUM = NO;
				CLANG_WARN_SUSPICIOUS_IMPLICIT_CONVERSION = NO;
				CODE_SIGN_IDENTITY = "";
				DEVELOPMENT_TEAM = "";
				FRAMEWORK_SEARCH_PATHS = (
					"$(inherited)",
					"$(LOCAL_LIBRARY_DIR)/Frameworks",
				);
				GCC_OPTIMIZATION_LEVEL = 0;
				GCC_PREPROCESSOR_DEFINITIONS = (
					"$(inherited)",
					"CRAY_DEBUG_ENABLED=1",
					"CRAY_TESTING=1",
				);
				GCC_TREAT_INCOMPATIBLE_POINTER_TYPE_WARNINGS_AS_ERRORS = NO;
				GCC_TREAT_WARNINGS_AS_ERRORS = NO;
				GCC_WARN_ABOUT_MISSING_FIELD_INITIALIZERS = YES;
				GCC_WARN_ABOUT_MISSING_PROTOTYPES = NO;
				GCC_WARN_FOUR_CHARACTER_CONSTANTS = NO;
				GCC_WARN_INITIALIZER_NOT_FULLY_BRACKETED = YES;
				GCC_WARN_PEDANTIC = NO;
				GCC_WARN_SHADOW = NO;
				GCC_WARN_UNUSED_PARAMETER = NO;
				HEADER_SEARCH_PATHS = "";
				LIBRARY_SEARCH_PATHS = "";
				OTHER_CFLAGS = (
					"-I/usr/local/include/SDL2",
					"-D_THREAD_SAFE",
					"-DNO_COLOR",
					"-ferror-limit=1000",
				);
				OTHER_LDFLAGS = (
					"-L/usr/local/lib",
					"-lSDL2",
				);
				PRODUCT_NAME = "$(TARGET_NAME)";
				RUN_CLANG_STATIC_ANALYZER = NO;
			};
			name = Debug;
		};
		90584304236651FC009D92F1 /* Release */ = {
			isa = XCBuildConfiguration;
			buildSettings = {
				CLANG_ANALYZER_SECURITY_FLOATLOOPCOUNTER = YES;
				CLANG_WARN_ASSIGN_ENUM = NO;
				CLANG_WARN_SUSPICIOUS_IMPLICIT_CONVERSION = NO;
				CODE_SIGN_IDENTITY = "";
				DEVELOPMENT_TEAM = "";
				FRAMEWORK_SEARCH_PATHS = (
					"$(inherited)",
					"$(LOCAL_LIBRARY_DIR)/Frameworks",
				);
				GCC_OPTIMIZATION_LEVEL = 0;
				GCC_PREPROCESSOR_DEFINITIONS = "";
				GCC_TREAT_INCOMPATIBLE_POINTER_TYPE_WARNINGS_AS_ERRORS = NO;
				GCC_TREAT_WARNINGS_AS_ERRORS = NO;
				GCC_WARN_ABOUT_MISSING_FIELD_INITIALIZERS = YES;
				GCC_WARN_ABOUT_MISSING_PROTOTYPES = NO;
				GCC_WARN_FOUR_CHARACTER_CONSTANTS = NO;
				GCC_WARN_INITIALIZER_NOT_FULLY_BRACKETED = YES;
				GCC_WARN_PEDANTIC = NO;
				GCC_WARN_SHADOW = NO;
				GCC_WARN_UNUSED_PARAMETER = NO;
				HEADER_SEARCH_PATHS = "";
				LIBRARY_SEARCH_PATHS = "";
				OTHER_CFLAGS = (
					"-I/usr/local/include/SDL2",
					"-D_THREAD_SAFE",
					"-DNO_COLOR",
					"-ferror-limit=1000",
				);
				OTHER_LDFLAGS = (
					"-L/usr/local/lib",
					"-lSDL2",
				);
				PRODUCT_NAME = "$(TARGET_NAME)";
				RUN_CLANG_STATIC_ANALYZER = NO;
			};
			name = Release;
		};
		90D99AF91D08ADB10015A854 /* Debug */ = {
			isa = XCBuildConfiguration;
			buildSettings = {
				ALWAYS_SEARCH_USER_PATHS = NO;
				APPLY_RULES_IN_COPY_HEADERS = NO;
				CLANG_CXX_LANGUAGE_STANDARD = "gnu++0x";
				CLANG_CXX_LIBRARY = "libc++";
				CLANG_ENABLE_MODULES = YES;
				CLANG_ENABLE_OBJC_ARC = YES;
				CLANG_UNDEFINED_BEHAVIOR_SANITIZER_INTEGER = NO;
				CLANG_WARN_ASSIGN_ENUM = YES;
				CLANG_WARN_BLOCK_CAPTURE_AUTORELEASING = YES;
				CLANG_WARN_BOOL_CONVERSION = YES;
				CLANG_WARN_COMMA = YES;
				CLANG_WARN_CONSTANT_CONVERSION = YES;
				CLANG_WARN_DEPRECATED_OBJC_IMPLEMENTATIONS = YES;
				CLANG_WARN_DIRECT_OBJC_ISA_USAGE = YES_ERROR;
				CLANG_WARN_EMPTY_BODY = YES;
				CLANG_WARN_ENUM_CONVERSION = YES;
				CLANG_WARN_INFINITE_RECURSION = YES;
				CLANG_WARN_INT_CONVERSION = YES;
				CLANG_WARN_NON_LITERAL_NULL_CONVERSION = YES;
				CLANG_WARN_OBJC_IMPLICIT_RETAIN_SELF = YES;
				CLANG_WARN_OBJC_LITERAL_CONVERSION = YES;
				CLANG_WARN_OBJC_ROOT_CLASS = YES_ERROR;
				CLANG_WARN_RANGE_LOOP_ANALYSIS = YES;
				CLANG_WARN_STRICT_PROTOTYPES = YES;
				CLANG_WARN_SUSPICIOUS_IMPLICIT_CONVERSION = YES;
				CLANG_WARN_SUSPICIOUS_MOVE = YES;
				CLANG_WARN_UNREACHABLE_CODE = YES;
				CLANG_WARN__DUPLICATE_METHOD_MATCH = YES;
				CODE_SIGN_IDENTITY = "-";
				COPY_PHASE_STRIP = NO;
				DEBUG_INFORMATION_FORMAT = dwarf;
				ENABLE_STRICT_OBJC_MSGSEND = YES;
				ENABLE_TESTABILITY = YES;
				GCC_C_LANGUAGE_STANDARD = gnu99;
				GCC_DYNAMIC_NO_PIC = NO;
				GCC_ENABLE_TRIGRAPHS = NO;
				GCC_NO_COMMON_BLOCKS = YES;
				GCC_OPTIMIZATION_LEVEL = 3;
				GCC_PREPROCESSOR_DEFINITIONS = "CRAY_SDL_ENABLED=1";
				GCC_WARN_64_TO_32_BIT_CONVERSION = YES;
				GCC_WARN_ABOUT_MISSING_FIELD_INITIALIZERS = YES;
				GCC_WARN_ABOUT_MISSING_PROTOTYPES = YES;
				GCC_WARN_ABOUT_RETURN_TYPE = YES_ERROR;
				GCC_WARN_PEDANTIC = YES;
				GCC_WARN_UNDECLARED_SELECTOR = YES;
				GCC_WARN_UNINITIALIZED_AUTOS = YES_AGGRESSIVE;
				GCC_WARN_UNUSED_FUNCTION = YES;
				GCC_WARN_UNUSED_LABEL = YES;
				GCC_WARN_UNUSED_PARAMETER = YES;
				GCC_WARN_UNUSED_VARIABLE = YES;
				MACOSX_DEPLOYMENT_TARGET = 10.11;
				MTL_ENABLE_DEBUG_INFO = YES;
				ONLY_ACTIVE_ARCH = YES;
				SDKROOT = macosx;
				WARNING_CFLAGS = (
					"-Wall",
					"-Wextra",
					"-Wno-missing-field-initializers",
					"-Wimplicit-function-declaration",
				);
			};
			name = Debug;
		};
		90D99AFA1D08ADB10015A854 /* Release */ = {
			isa = XCBuildConfiguration;
			buildSettings = {
				ALWAYS_SEARCH_USER_PATHS = NO;
				APPLY_RULES_IN_COPY_HEADERS = NO;
				CLANG_CXX_LANGUAGE_STANDARD = "gnu++0x";
				CLANG_CXX_LIBRARY = "libc++";
				CLANG_ENABLE_MODULES = YES;
				CLANG_ENABLE_OBJC_ARC = YES;
				CLANG_UNDEFINED_BEHAVIOR_SANITIZER_INTEGER = NO;
				CLANG_WARN_ASSIGN_ENUM = YES;
				CLANG_WARN_BLOCK_CAPTURE_AUTORELEASING = YES;
				CLANG_WARN_BOOL_CONVERSION = YES;
				CLANG_WARN_COMMA = YES;
				CLANG_WARN_CONSTANT_CONVERSION = YES;
				CLANG_WARN_DEPRECATED_OBJC_IMPLEMENTATIONS = YES;
				CLANG_WARN_DIRECT_OBJC_ISA_USAGE = YES_ERROR;
				CLANG_WARN_EMPTY_BODY = YES;
				CLANG_WARN_ENUM_CONVERSION = YES;
				CLANG_WARN_INFINITE_RECURSION = YES;
				CLANG_WARN_INT_CONVERSION = YES;
				CLANG_WARN_NON_LITERAL_NULL_CONVERSION = YES;
				CLANG_WARN_OBJC_IMPLICIT_RETAIN_SELF = YES;
				CLANG_WARN_OBJC_LITERAL_CONVERSION = YES;
				CLANG_WARN_OBJC_ROOT_CLASS = YES_ERROR;
				CLANG_WARN_RANGE_LOOP_ANALYSIS = YES;
				CLANG_WARN_STRICT_PROTOTYPES = YES;
				CLANG_WARN_SUSPICIOUS_IMPLICIT_CONVERSION = YES;
				CLANG_WARN_SUSPICIOUS_MOVE = YES;
				CLANG_WARN_UNREACHABLE_CODE = YES;
				CLANG_WARN__DUPLICATE_METHOD_MATCH = YES;
				CODE_SIGN_IDENTITY = "-";
				COPY_PHASE_STRIP = NO;
				DEBUG_INFORMATION_FORMAT = "dwarf-with-dsym";
				ENABLE_NS_ASSERTIONS = NO;
				ENABLE_STRICT_OBJC_MSGSEND = YES;
				GCC_C_LANGUAGE_STANDARD = gnu99;
				GCC_ENABLE_TRIGRAPHS = NO;
				GCC_NO_COMMON_BLOCKS = YES;
				GCC_OPTIMIZATION_LEVEL = 3;
				GCC_PREPROCESSOR_DEFINITIONS = "CRAY_SDL_ENABLED=1";
				GCC_WARN_64_TO_32_BIT_CONVERSION = YES;
				GCC_WARN_ABOUT_MISSING_FIELD_INITIALIZERS = YES;
				GCC_WARN_ABOUT_MISSING_PROTOTYPES = YES;
				GCC_WARN_ABOUT_RETURN_TYPE = YES_ERROR;
				GCC_WARN_PEDANTIC = YES;
				GCC_WARN_UNDECLARED_SELECTOR = YES;
				GCC_WARN_UNINITIALIZED_AUTOS = YES_AGGRESSIVE;
				GCC_WARN_UNUSED_FUNCTION = YES;
				GCC_WARN_UNUSED_LABEL = YES;
				GCC_WARN_UNUSED_PARAMETER = YES;
				GCC_WARN_UNUSED_VARIABLE = YES;
				MACOSX_DEPLOYMENT_TARGET = 10.11;
				MTL_ENABLE_DEBUG_INFO = NO;
				SDKROOT = macosx;
				WARNING_CFLAGS = (
					"-Wall",
					"-Wextra",
					"-Wno-missing-field-initializers",
					"-Wimplicit-function-declaration",
				);
			};
			name = Release;
		};
		90D99AFC1D08ADB10015A854 /* Debug */ = {
			isa = XCBuildConfiguration;
			buildSettings = {
				CLANG_ANALYZER_SECURITY_FLOATLOOPCOUNTER = YES;
				CLANG_WARN_ASSIGN_ENUM = NO;
				CLANG_WARN_SUSPICIOUS_IMPLICIT_CONVERSION = NO;
				CODE_SIGN_IDENTITY = "-";
				DEVELOPMENT_TEAM = "";
				FRAMEWORK_SEARCH_PATHS = (
					"$(inherited)",
					"$(LOCAL_LIBRARY_DIR)/Frameworks",
				);
				GCC_OPTIMIZATION_LEVEL = 3;
				GCC_TREAT_INCOMPATIBLE_POINTER_TYPE_WARNINGS_AS_ERRORS = NO;
				GCC_TREAT_WARNINGS_AS_ERRORS = NO;
				GCC_USE_STANDARD_INCLUDE_SEARCHING = YES;
				GCC_WARN_ABOUT_MISSING_FIELD_INITIALIZERS = YES;
				GCC_WARN_ABOUT_MISSING_PROTOTYPES = NO;
				GCC_WARN_FOUR_CHARACTER_CONSTANTS = NO;
				GCC_WARN_INITIALIZER_NOT_FULLY_BRACKETED = YES;
				GCC_WARN_PEDANTIC = NO;
				GCC_WARN_SHADOW = NO;
				GCC_WARN_UNUSED_PARAMETER = YES;
				HEADER_SEARCH_PATHS = "";
				LIBRARY_SEARCH_PATHS = "";
				OTHER_CFLAGS = (
					"-I/usr/local/include/SDL2",
					"-D_THREAD_SAFE",
					"-DNO_COLOR",
					"-ferror-limit=1000",
				);
				OTHER_LDFLAGS = (
					"-L/usr/local/lib",
					"-lSDL2",
				);
				PRODUCT_NAME = "$(TARGET_NAME)";
				RUN_CLANG_STATIC_ANALYZER = NO;
				USE_HEADERMAP = NO;
				WARNING_CFLAGS = "";
			};
			name = Debug;
		};
		90D99AFD1D08ADB10015A854 /* Release */ = {
			isa = XCBuildConfiguration;
			buildSettings = {
				CLANG_ANALYZER_SECURITY_FLOATLOOPCOUNTER = YES;
				CLANG_WARN_ASSIGN_ENUM = NO;
				CLANG_WARN_SUSPICIOUS_IMPLICIT_CONVERSION = NO;
				CODE_SIGN_IDENTITY = "-";
				DEVELOPMENT_TEAM = "";
				FRAMEWORK_SEARCH_PATHS = (
					"$(inherited)",
					"$(LOCAL_LIBRARY_DIR)/Frameworks",
				);
				GCC_OPTIMIZATION_LEVEL = 3;
				GCC_PREPROCESSOR_DEFINITIONS = "";
				GCC_TREAT_INCOMPATIBLE_POINTER_TYPE_WARNINGS_AS_ERRORS = NO;
				GCC_TREAT_WARNINGS_AS_ERRORS = NO;
				GCC_USE_STANDARD_INCLUDE_SEARCHING = YES;
				GCC_WARN_ABOUT_MISSING_FIELD_INITIALIZERS = YES;
				GCC_WARN_ABOUT_MISSING_PROTOTYPES = NO;
				GCC_WARN_FOUR_CHARACTER_CONSTANTS = NO;
				GCC_WARN_INITIALIZER_NOT_FULLY_BRACKETED = YES;
				GCC_WARN_PEDANTIC = NO;
				GCC_WARN_SHADOW = NO;
				GCC_WARN_UNUSED_PARAMETER = YES;
				HEADER_SEARCH_PATHS = "";
				LIBRARY_SEARCH_PATHS = "";
				OTHER_CFLAGS = (
					"-I/usr/local/include/SDL2",
					"-D_THREAD_SAFE",
					"-DNO_COLOR",
					"-ferror-limit=1000",
				);
				OTHER_LDFLAGS = (
					"-L/usr/local/lib",
					"-lSDL2",
				);
				PRODUCT_NAME = "$(TARGET_NAME)";
				RUN_CLANG_STATIC_ANALYZER = NO;
				USE_HEADERMAP = NO;
				WARNING_CFLAGS = "";
			};
			name = Release;
		};
/* End XCBuildConfiguration section */

/* Begin XCConfigurationList section */
		90584302236651FC009D92F1 /* Build configuration list for PBXNativeTarget "C-Ray Debug" */ = {
			isa = XCConfigurationList;
			buildConfigurations = (
				90584303236651FC009D92F1 /* Debug */,
				90584304236651FC009D92F1 /* Release */,
			);
			defaultConfigurationIsVisible = 0;
			defaultConfigurationName = Release;
		};
		90D99AEF1D08ADB10015A854 /* Build configuration list for PBXProject "C-ray" */ = {
			isa = XCConfigurationList;
			buildConfigurations = (
				90D99AF91D08ADB10015A854 /* Debug */,
				90D99AFA1D08ADB10015A854 /* Release */,
			);
			defaultConfigurationIsVisible = 0;
			defaultConfigurationName = Release;
		};
		90D99AFB1D08ADB10015A854 /* Build configuration list for PBXNativeTarget "C-Ray Fast" */ = {
			isa = XCConfigurationList;
			buildConfigurations = (
				90D99AFC1D08ADB10015A854 /* Debug */,
				90D99AFD1D08ADB10015A854 /* Release */,
			);
			defaultConfigurationIsVisible = 0;
			defaultConfigurationName = Release;
		};
/* End XCConfigurationList section */
	};
	rootObject = 90D99AEC1D08ADB10015A854 /* Project object */;
}
